// !$*UTF8*$!
{
	archiveVersion = 1;
	classes = {
	};
	objectVersion = 56;
	objects = {

/* Begin PBXBuildFile section */
		F500CBB32F87C3F200111B77 /* ChangePasswordScreen.swift in Sources */ = {isa = PBXBuildFile; fileRef = F500CBB22F87C3F200111B77 /* ChangePasswordScreen.swift */; };
		F500CBB52F87CA3900111B77 /* ChangePasswordState.swift in Sources */ = {isa = PBXBuildFile; fileRef = F500CBB42F87CA3900111B77 /* ChangePasswordState.swift */; };
		F500CBB72F87CB0300111B77 /* ChangePasswordViewModel.swift in Sources */ = {isa = PBXBuildFile; fileRef = F500CBB62F87CB0300111B77 /* ChangePasswordViewModel.swift */; };
		F515E7022F8380F30069DA7B /* ForgotPasswordScreen.swift in Sources */ = {isa = PBXBuildFile; fileRef = F515E7012F8380F30069DA7B /* ForgotPasswordScreen.swift */; };
		F526A8012F70374600BF414A /* IntroBottomCard.swift in Sources */ = {isa = PBXBuildFile; fileRef = F526A7FD2F70374600BF414A /* IntroBottomCard.swift */; };
		F526A8022F70374600BF414A /* IntroNavigationButtons.swift in Sources */ = {isa = PBXBuildFile; fileRef = F526A7FE2F70374600BF414A /* IntroNavigationButtons.swift */; };
		F526A8032F70374600BF414A /* IntroStackView.swift in Sources */ = {isa = PBXBuildFile; fileRef = F526A7FF2F70374600BF414A /* IntroStackView.swift */; };
		F526A8062F7037D400BF414A /* IntroPage.swift in Sources */ = {isa = PBXBuildFile; fileRef = F526A8042F7037D400BF414A /* IntroPage.swift */; };
		F550212F2F80E73B0057C2F0 /* LoginState.swift in Sources */ = {isa = PBXBuildFile; fileRef = F550212E2F80E73B0057C2F0 /* LoginState.swift */; };
		F55021312F80E7F70057C2F0 /* LoginViewModel.swift in Sources */ = {isa = PBXBuildFile; fileRef = F55021302F80E7F70057C2F0 /* LoginViewModel.swift */; };
		F55021332F80EA170057C2F0 /* StringExtensions.swift in Sources */ = {isa = PBXBuildFile; fileRef = F55021322F80EA0D0057C2F0 /* StringExtensions.swift */; };
		F55021352F812ACB0057C2F0 /* UserProfile.swift in Sources */ = {isa = PBXBuildFile; fileRef = F55021342F812ACB0057C2F0 /* UserProfile.swift */; };
		F55021372F812BCF0057C2F0 /* MainScreenViewModel.swift in Sources */ = {isa = PBXBuildFile; fileRef = F55021362F812BCF0057C2F0 /* MainScreenViewModel.swift */; };
		F550213D2F8291E00057C2F0 /* MainCommunityScreen.swift in Sources */ = {isa = PBXBuildFile; fileRef = F550213C2F8291E00057C2F0 /* MainCommunityScreen.swift */; };
		F55021422F82AE450057C2F0 /* Toast.swift in Sources */ = {isa = PBXBuildFile; fileRef = F55021412F82AE450057C2F0 /* Toast.swift */; };
		F55021442F82AFE70057C2F0 /* ToastBannerView.swift in Sources */ = {isa = PBXBuildFile; fileRef = F55021432F82AFE70057C2F0 /* ToastBannerView.swift */; };
		F55021462F82B07E0057C2F0 /* ToastBannerModifier.swift in Sources */ = {isa = PBXBuildFile; fileRef = F55021452F82B07E0057C2F0 /* ToastBannerModifier.swift */; };
		F55021482F82FC8F0057C2F0 /* ViewExtension.swift in Sources */ = {isa = PBXBuildFile; fileRef = F55021472F82FC8F0057C2F0 /* ViewExtension.swift */; };
		F55912A62F4F235900BCB041 /* IntroViewModel.swift in Sources */ = {isa = PBXBuildFile; fileRef = F55912A52F4F235900BCB041 /* IntroViewModel.swift */; };
		F56A463C2F75739900B3D2FC /* MainRoute.swift in Sources */ = {isa = PBXBuildFile; fileRef = F56A463B2F75739900B3D2FC /* MainRoute.swift */; };
		F56A463E2F75775D00B3D2FC /* MainNavViewModel.swift in Sources */ = {isa = PBXBuildFile; fileRef = F56A463D2F75775D00B3D2FC /* MainNavViewModel.swift */; };
		F56A46402F757F9800B3D2FC /* LoginScreen.swift in Sources */ = {isa = PBXBuildFile; fileRef = F56A463F2F757F9800B3D2FC /* LoginScreen.swift */; };
		F56A46422F769D4400B3D2FC /* NavDrawer.swift in Sources */ = {isa = PBXBuildFile; fileRef = F56A46412F769D4400B3D2FC /* NavDrawer.swift */; };
		F56A46442F79610600B3D2FC /* ProfileImageView.swift in Sources */ = {isa = PBXBuildFile; fileRef = F56A46432F79610600B3D2FC /* ProfileImageView.swift */; };
		F56A46462F797AE600B3D2FC /* NavMenuView.swift in Sources */ = {isa = PBXBuildFile; fileRef = F56A46452F797AE600B3D2FC /* NavMenuView.swift */; };
		F5941CDA2F22124300611063 /* Q_and_AApp.swift in Sources */ = {isa = PBXBuildFile; fileRef = F5941CD92F22124300611063 /* Q_and_AApp.swift */; };
		F5941CDE2F22124500611063 /* Assets.xcassets in Resources */ = {isa = PBXBuildFile; fileRef = F5941CDD2F22124500611063 /* Assets.xcassets */; };
		F5941CE12F22124500611063 /* Preview Assets.xcassets in Resources */ = {isa = PBXBuildFile; fileRef = F5941CE02F22124500611063 /* Preview Assets.xcassets */; };
		F59482C72F2CD7FF0030C541 /* SplashScreen.swift in Sources */ = {isa = PBXBuildFile; fileRef = F59482C62F2CD7FF0030C541 /* SplashScreen.swift */; };
		F5AE93342F854AFD0003CAA5 /* ForgotPasswordViewModel.swift in Sources */ = {isa = PBXBuildFile; fileRef = F5AE93332F854AFD0003CAA5 /* ForgotPasswordViewModel.swift */; };
		F5AE93362F854C280003CAA5 /* ForgotPasswordState.swift in Sources */ = {isa = PBXBuildFile; fileRef = F5AE93352F854C280003CAA5 /* ForgotPasswordState.swift */; };
		F5AE93382F854F8E0003CAA5 /* GeneralResponse.swift in Sources */ = {isa = PBXBuildFile; fileRef = F5AE93372F854F8E0003CAA5 /* GeneralResponse.swift */; };
		F5AE933A2F85509A0003CAA5 /* ForgotPasswordRequest.swift in Sources */ = {isa = PBXBuildFile; fileRef = F5AE93392F85509A0003CAA5 /* ForgotPasswordRequest.swift */; };
		F5AE933C2F8638BE0003CAA5 /* BottomSheetData.swift in Sources */ = {isa = PBXBuildFile; fileRef = F5AE933B2F8638BE0003CAA5 /* BottomSheetData.swift */; };
		F5AE933E2F8639540003CAA5 /* BottomSheetManager.swift in Sources */ = {isa = PBXBuildFile; fileRef = F5AE933D2F8639540003CAA5 /* BottomSheetManager.swift */; };
		F5AE93402F863A100003CAA5 /* GlobalBottomSheetModifier.swift in Sources */ = {isa = PBXBuildFile; fileRef = F5AE933F2F863A100003CAA5 /* GlobalBottomSheetModifier.swift */; };
		F5AE93422F863AB10003CAA5 /* GlobalBottomSheetView.swift in Sources */ = {isa = PBXBuildFile; fileRef = F5AE93412F863AB10003CAA5 /* GlobalBottomSheetView.swift */; };
		F5AE93442F86451F0003CAA5 /* AppUtils.swift in Sources */ = {isa = PBXBuildFile; fileRef = F5AE93432F86451F0003CAA5 /* AppUtils.swift */; };
		F5AE93462F866BDB0003CAA5 /* ConfirmOtpScreen.swift in Sources */ = {isa = PBXBuildFile; fileRef = F5AE93452F866BDB0003CAA5 /* ConfirmOtpScreen.swift */; };
		F5AE93482F86A50B0003CAA5 /* ChangePasswordRequest.swift in Sources */ = {isa = PBXBuildFile; fileRef = F5AE93472F86A50B0003CAA5 /* ChangePasswordRequest.swift */; };
		F5BD4A162F2A51B80020A8A4 /* AppFlow.swift in Sources */ = {isa = PBXBuildFile; fileRef = F5BD4A152F2A51B80020A8A4 /* AppFlow.swift */; };
		F5BD4A182F2A55370020A8A4 /* AppViewModel.swift in Sources */ = {isa = PBXBuildFile; fileRef = F5BD4A172F2A55370020A8A4 /* AppViewModel.swift */; };
		F5BD4A1A2F2A563C0020A8A4 /* AppNavigator.swift in Sources */ = {isa = PBXBuildFile; fileRef = F5BD4A192F2A563C0020A8A4 /* AppNavigator.swift */; };
		F5BD4A1C2F2A98BD0020A8A4 /* SplashView.swift in Sources */ = {isa = PBXBuildFile; fileRef = F5BD4A1B2F2A98BD0020A8A4 /* SplashView.swift */; };
		F5BD4A2C2F2B68C70020A8A4 /* MainStackView.swift in Sources */ = {isa = PBXBuildFile; fileRef = F5BD4A2B2F2B68C70020A8A4 /* MainStackView.swift */; };
		F5BD4A2E2F2B6D350020A8A4 /* AppConstants.swift in Sources */ = {isa = PBXBuildFile; fileRef = F5BD4A2D2F2B6D350020A8A4 /* AppConstants.swift */; };
		F5BD4A302F2B6E5D0020A8A4 /* UserSettings.swift in Sources */ = {isa = PBXBuildFile; fileRef = F5BD4A2F2F2B6E5D0020A8A4 /* UserSettings.swift */; };
		F5C12E8C2F717165000861B6 /* RoleFeature.swift in Sources */ = {isa = PBXBuildFile; fileRef = F5C12E8B2F717165000861B6 /* RoleFeature.swift */; };
		F5C12E8E2F7171A0000861B6 /* UserRole.swift in Sources */ = {isa = PBXBuildFile; fileRef = F5C12E8D2F7171A0000861B6 /* UserRole.swift */; };
		F5C12E902F71856D000861B6 /* RoleSelectionViewModel.swift in Sources */ = {isa = PBXBuildFile; fileRef = F5C12E8F2F71856D000861B6 /* RoleSelectionViewModel.swift */; };
		F5C12E922F71889A000861B6 /* RoleToggleView.swift in Sources */ = {isa = PBXBuildFile; fileRef = F5C12E912F71889A000861B6 /* RoleToggleView.swift */; };
		F5C12E942F728472000861B6 /* FeatureItemView.swift in Sources */ = {isa = PBXBuildFile; fileRef = F5C12E932F728472000861B6 /* FeatureItemView.swift */; };
		F5C12E962F728E92000861B6 /* RoleSelectionScreen.swift in Sources */ = {isa = PBXBuildFile; fileRef = F5C12E952F728E92000861B6 /* RoleSelectionScreen.swift */; };
		F5C12E992F728FCC000861B6 /* PrimaryButton.swift in Sources */ = {isa = PBXBuildFile; fileRef = F5C12E982F728FCC000861B6 /* PrimaryButton.swift */; };
		F5C12E9B2F72A18E000861B6 /* OnboardingViewModel.swift in Sources */ = {isa = PBXBuildFile; fileRef = F5C12E9A2F72A18E000861B6 /* OnboardingViewModel.swift */; };
		F5C12E9D2F72A1FE000861B6 /* OnboardingFlow.swift in Sources */ = {isa = PBXBuildFile; fileRef = F5C12E9C2F72A1FE000861B6 /* OnboardingFlow.swift */; };
		F5C12EA12F72A491000861B6 /* OnboardingNavigatorView.swift in Sources */ = {isa = PBXBuildFile; fileRef = F5C12EA02F72A491000861B6 /* OnboardingNavigatorView.swift */; };
		F5C12EB32F72C525000861B6 /* MainLibraryScreen.swift in Sources */ = {isa = PBXBuildFile; fileRef = F5C12EB22F72C525000861B6 /* MainLibraryScreen.swift */; };
		F5C12EB72F72C5AE000861B6 /* MainCbtScreen.swift in Sources */ = {isa = PBXBuildFile; fileRef = F5C12EB62F72C5AE000861B6 /* MainCbtScreen.swift */; };
		F5C12EB92F72C5C7000861B6 /* MainVideoScreen.swift in Sources */ = {isa = PBXBuildFile; fileRef = F5C12EB82F72C5C7000861B6 /* MainVideoScreen.swift */; };
		F5C12EBB2F72C625000861B6 /* MainBookScreen.swift in Sources */ = {isa = PBXBuildFile; fileRef = F5C12EBA2F72C625000861B6 /* MainBookScreen.swift */; };
		F5C12EBD2F73CF77000861B6 /* MainTab.swift in Sources */ = {isa = PBXBuildFile; fileRef = F5C12EBC2F73CF77000861B6 /* MainTab.swift */; };
		F5D04F1C2F73E6F7008FF390 /* CurvedTabBarShape.swift in Sources */ = {isa = PBXBuildFile; fileRef = F5D04F1B2F73E6F7008FF390 /* CurvedTabBarShape.swift */; };
		F5D04F1E2F73E7B2008FF390 /* CustomBottomNav.swift in Sources */ = {isa = PBXBuildFile; fileRef = F5D04F1D2F73E7B2008FF390 /* CustomBottomNav.swift */; };
		F5DB3E9F2F740C94003B16F8 /* MainScreen.swift in Sources */ = {isa = PBXBuildFile; fileRef = F5DB3E9E2F740C94003B16F8 /* MainScreen.swift */; };
		F5E144E52F7FB46500C10F3A /* KeychainHelper.swift in Sources */ = {isa = PBXBuildFile; fileRef = F5E144E42F7FB46500C10F3A /* KeychainHelper.swift */; };
		F5E144E72F7FB50C00C10F3A /* DeviceManager.swift in Sources */ = {isa = PBXBuildFile; fileRef = F5E144E62F7FB50C00C10F3A /* DeviceManager.swift */; };
		F5E144E92F7FB70900C10F3A /* Constants.swift in Sources */ = {isa = PBXBuildFile; fileRef = F5E144E82F7FB70900C10F3A /* Constants.swift */; };
		F5E144EC2F7FB9F200C10F3A /* CombineMoya in Frameworks */ = {isa = PBXBuildFile; productRef = F5E144EB2F7FB9F200C10F3A /* CombineMoya */; };
		F5E144EE2F7FB9F200C10F3A /* Moya in Frameworks */ = {isa = PBXBuildFile; productRef = F5E144ED2F7FB9F200C10F3A /* Moya */; };
		F5E144F02F7FC4F200C10F3A /* LoginRequest.swift in Sources */ = {isa = PBXBuildFile; fileRef = F5E144EF2F7FC4F200C10F3A /* LoginRequest.swift */; };
		F5E144F22F7FC5E800C10F3A /* LoginResponse.swift in Sources */ = {isa = PBXBuildFile; fileRef = F5E144F12F7FC5E800C10F3A /* LoginResponse.swift */; };
		F5E144F52F7FC67C00C10F3A /* AuthApi.swift in Sources */ = {isa = PBXBuildFile; fileRef = F5E144F42F7FC67C00C10F3A /* AuthApi.swift */; };
		F5E144F92F7FEE2A00C10F3A /* JsonExtractor.swift in Sources */ = {isa = PBXBuildFile; fileRef = F5E144F82F7FEE2A00C10F3A /* JsonExtractor.swift */; };
		F5E144FB2F7FEEA100C10F3A /* ApiClient.swift in Sources */ = {isa = PBXBuildFile; fileRef = F5E144FA2F7FEEA100C10F3A /* ApiClient.swift */; };
		F5E144FD2F7FEF6A00C10F3A /* AppError.swift in Sources */ = {isa = PBXBuildFile; fileRef = F5E144FC2F7FEF6A00C10F3A /* AppError.swift */; };
		F5E145012F7FF63A00C10F3A /* AuthService.swift in Sources */ = {isa = PBXBuildFile; fileRef = F5E145002F7FF63A00C10F3A /* AuthService.swift */; };
		F5E145032F80599E00C10F3A /* NavMenu.swift in Sources */ = {isa = PBXBuildFile; fileRef = F5E145022F80599E00C10F3A /* NavMenu.swift */; };
		F5E7057C2F4DEA55001016B6 /* IntroPage.swift in Sources */ = {isa = PBXBuildFile; fileRef = F5E7057B2F4DEA55001016B6 /* IntroPage.swift */; };
		F5F7A7632F3882F70097558D /* gilroy_100.ttf in Resources */ = {isa = PBXBuildFile; fileRef = F5F7A7622F3882F70097558D /* gilroy_100.ttf */; };
		F5F7A7692F3883260097558D /* gilroy_200.ttf in Resources */ = {isa = PBXBuildFile; fileRef = F5F7A7642F3883260097558D /* gilroy_200.ttf */; };
		F5F7A76A2F3883260097558D /* gilroy_600.ttf in Resources */ = {isa = PBXBuildFile; fileRef = F5F7A7652F3883260097558D /* gilroy_600.ttf */; };
		F5F7A76B2F3883260097558D /* gilroy_400.ttf in Resources */ = {isa = PBXBuildFile; fileRef = F5F7A7662F3883260097558D /* gilroy_400.ttf */; };
		F5F7A76C2F3883260097558D /* gilroy_700.ttf in Resources */ = {isa = PBXBuildFile; fileRef = F5F7A7672F3883260097558D /* gilroy_700.ttf */; };
		F5F7A76D2F3883260097558D /* gilroy_500.ttf in Resources */ = {isa = PBXBuildFile; fileRef = F5F7A7682F3883260097558D /* gilroy_500.ttf */; };
		F5F7A7722F38833F0097558D /* gilroy_heavy.ttf in Resources */ = {isa = PBXBuildFile; fileRef = F5F7A76E2F38833F0097558D /* gilroy_heavy.ttf */; };
		F5F7A7732F38833F0097558D /* gilroy.ttf in Resources */ = {isa = PBXBuildFile; fileRef = F5F7A76F2F38833F0097558D /* gilroy.ttf */; };
		F5F7A7742F38833F0097558D /* gilroy_900.ttf in Resources */ = {isa = PBXBuildFile; fileRef = F5F7A7702F38833F0097558D /* gilroy_900.ttf */; };
		F5F7A7752F38833F0097558D /* gilroy_ultralight.ttf in Resources */ = {isa = PBXBuildFile; fileRef = F5F7A7712F38833F0097558D /* gilroy_ultralight.ttf */; };
		F5F7A7782F388DBE0097558D /* AppFont.swift in Sources */ = {isa = PBXBuildFile; fileRef = F5F7A7772F388DBE0097558D /* AppFont.swift */; };
		F5F7A77A2F38C8EE0097558D /* Localizable.xcstrings in Resources */ = {isa = PBXBuildFile; fileRef = F5F7A7792F38C8EE0097558D /* Localizable.xcstrings */; };
		F5FEC40D2F892B4D004C8D53 /* LocalStore.swift in Sources */ = {isa = PBXBuildFile; fileRef = F5FEC40C2F892B4D004C8D53 /* LocalStore.swift */; };
		F5FEC40F2F892D30004C8D53 /* ParentCategoriesResponse.swift in Sources */ = {isa = PBXBuildFile; fileRef = F5FEC40E2F892D30004C8D53 /* ParentCategoriesResponse.swift */; };
		F5FEC4122F8CEB28004C8D53 /* CbtApi.swift in Sources */ = {isa = PBXBuildFile; fileRef = F5FEC4112F8CEB28004C8D53 /* CbtApi.swift */; };
		F5FEC4142F8CFD8E004C8D53 /* CbtService.swift in Sources */ = {isa = PBXBuildFile; fileRef = F5FEC4132F8CFD8E004C8D53 /* CbtService.swift */; };
		F5FEC41A2F8D0096004C8D53 /* MainCbtState.swift in Sources */ = {isa = PBXBuildFile; fileRef = F5FEC4192F8D0095004C8D53 /* MainCbtState.swift */; };
		F5FEC41C2F8D012F004C8D53 /* MainCbtViewModel.swift in Sources */ = {isa = PBXBuildFile; fileRef = F5FEC41B2F8D012E004C8D53 /* MainCbtViewModel.swift */; };
/* End PBXBuildFile section */

/* Begin PBXFileReference section */
		F500CBB22F87C3F200111B77 /* ChangePasswordScreen.swift */ = {isa = PBXFileReference; lastKnownFileType = sourcecode.swift; path = ChangePasswordScreen.swift; sourceTree = "<group>"; };
		F500CBB42F87CA3900111B77 /* ChangePasswordState.swift */ = {isa = PBXFileReference; lastKnownFileType = sourcecode.swift; path = ChangePasswordState.swift; sourceTree = "<group>"; };
		F500CBB62F87CB0300111B77 /* ChangePasswordViewModel.swift */ = {isa = PBXFileReference; lastKnownFileType = sourcecode.swift; path = ChangePasswordViewModel.swift; sourceTree = "<group>"; };
		F515E7012F8380F30069DA7B /* ForgotPasswordScreen.swift */ = {isa = PBXFileReference; lastKnownFileType = sourcecode.swift; path = ForgotPasswordScreen.swift; sourceTree = "<group>"; };
		F526A7FD2F70374600BF414A /* IntroBottomCard.swift */ = {isa = PBXFileReference; fileEncoding = 4; lastKnownFileType = sourcecode.swift; path = IntroBottomCard.swift; sourceTree = "<group>"; };
		F526A7FE2F70374600BF414A /* IntroNavigationButtons.swift */ = {isa = PBXFileReference; fileEncoding = 4; lastKnownFileType = sourcecode.swift; path = IntroNavigationButtons.swift; sourceTree = "<group>"; };
		F526A7FF2F70374600BF414A /* IntroStackView.swift */ = {isa = PBXFileReference; fileEncoding = 4; lastKnownFileType = sourcecode.swift; path = IntroStackView.swift; sourceTree = "<group>"; };
		F526A8042F7037D400BF414A /* IntroPage.swift */ = {isa = PBXFileReference; fileEncoding = 4; lastKnownFileType = sourcecode.swift; path = IntroPage.swift; sourceTree = "<group>"; };
		F550212E2F80E73B0057C2F0 /* LoginState.swift */ = {isa = PBXFileReference; lastKnownFileType = sourcecode.swift; path = LoginState.swift; sourceTree = "<group>"; };
		F55021302F80E7F70057C2F0 /* LoginViewModel.swift */ = {isa = PBXFileReference; lastKnownFileType = sourcecode.swift; path = LoginViewModel.swift; sourceTree = "<group>"; };
		F55021322F80EA0D0057C2F0 /* StringExtensions.swift */ = {isa = PBXFileReference; lastKnownFileType = sourcecode.swift; path = StringExtensions.swift; sourceTree = "<group>"; };
		F55021342F812ACB0057C2F0 /* UserProfile.swift */ = {isa = PBXFileReference; lastKnownFileType = sourcecode.swift; path = UserProfile.swift; sourceTree = "<group>"; };
		F55021362F812BCF0057C2F0 /* MainScreenViewModel.swift */ = {isa = PBXFileReference; lastKnownFileType = sourcecode.swift; path = MainScreenViewModel.swift; sourceTree = "<group>"; };
		F550213C2F8291E00057C2F0 /* MainCommunityScreen.swift */ = {isa = PBXFileReference; lastKnownFileType = sourcecode.swift; path = MainCommunityScreen.swift; sourceTree = "<group>"; };
		F55021412F82AE450057C2F0 /* Toast.swift */ = {isa = PBXFileReference; lastKnownFileType = sourcecode.swift; path = Toast.swift; sourceTree = "<group>"; };
		F55021432F82AFE70057C2F0 /* ToastBannerView.swift */ = {isa = PBXFileReference; lastKnownFileType = sourcecode.swift; path = ToastBannerView.swift; sourceTree = "<group>"; };
		F55021452F82B07E0057C2F0 /* ToastBannerModifier.swift */ = {isa = PBXFileReference; lastKnownFileType = sourcecode.swift; path = ToastBannerModifier.swift; sourceTree = "<group>"; };
		F55021472F82FC8F0057C2F0 /* ViewExtension.swift */ = {isa = PBXFileReference; lastKnownFileType = sourcecode.swift; path = ViewExtension.swift; sourceTree = "<group>"; };
		F55912A52F4F235900BCB041 /* IntroViewModel.swift */ = {isa = PBXFileReference; lastKnownFileType = sourcecode.swift; path = IntroViewModel.swift; sourceTree = "<group>"; };
		F56A463B2F75739900B3D2FC /* MainRoute.swift */ = {isa = PBXFileReference; lastKnownFileType = sourcecode.swift; path = MainRoute.swift; sourceTree = "<group>"; };
		F56A463D2F75775D00B3D2FC /* MainNavViewModel.swift */ = {isa = PBXFileReference; lastKnownFileType = sourcecode.swift; path = MainNavViewModel.swift; sourceTree = "<group>"; };
		F56A463F2F757F9800B3D2FC /* LoginScreen.swift */ = {isa = PBXFileReference; lastKnownFileType = sourcecode.swift; path = LoginScreen.swift; sourceTree = "<group>"; };
		F56A46412F769D4400B3D2FC /* NavDrawer.swift */ = {isa = PBXFileReference; lastKnownFileType = sourcecode.swift; path = NavDrawer.swift; sourceTree = "<group>"; };
		F56A46432F79610600B3D2FC /* ProfileImageView.swift */ = {isa = PBXFileReference; lastKnownFileType = sourcecode.swift; path = ProfileImageView.swift; sourceTree = "<group>"; };
		F56A46452F797AE600B3D2FC /* NavMenuView.swift */ = {isa = PBXFileReference; lastKnownFileType = sourcecode.swift; path = NavMenuView.swift; sourceTree = "<group>"; };
		F5941CD62F22124300611063 /* Q and A.app */ = {isa = PBXFileReference; explicitFileType = wrapper.application; includeInIndex = 0; path = "Q and A.app"; sourceTree = BUILT_PRODUCTS_DIR; };
		F5941CD92F22124300611063 /* Q_and_AApp.swift */ = {isa = PBXFileReference; lastKnownFileType = sourcecode.swift; path = Q_and_AApp.swift; sourceTree = "<group>"; };
		F5941CDD2F22124500611063 /* Assets.xcassets */ = {isa = PBXFileReference; lastKnownFileType = folder.assetcatalog; path = Assets.xcassets; sourceTree = "<group>"; };
		F5941CE02F22124500611063 /* Preview Assets.xcassets */ = {isa = PBXFileReference; lastKnownFileType = folder.assetcatalog; path = "Preview Assets.xcassets"; sourceTree = "<group>"; };
		F59482C62F2CD7FF0030C541 /* SplashScreen.swift */ = {isa = PBXFileReference; lastKnownFileType = sourcecode.swift; path = SplashScreen.swift; sourceTree = "<group>"; };
		F5AE93332F854AFD0003CAA5 /* ForgotPasswordViewModel.swift */ = {isa = PBXFileReference; lastKnownFileType = sourcecode.swift; path = ForgotPasswordViewModel.swift; sourceTree = "<group>"; };
		F5AE93352F854C280003CAA5 /* ForgotPasswordState.swift */ = {isa = PBXFileReference; lastKnownFileType = sourcecode.swift; path = ForgotPasswordState.swift; sourceTree = "<group>"; };
		F5AE93372F854F8E0003CAA5 /* GeneralResponse.swift */ = {isa = PBXFileReference; lastKnownFileType = sourcecode.swift; path = GeneralResponse.swift; sourceTree = "<group>"; };
		F5AE93392F85509A0003CAA5 /* ForgotPasswordRequest.swift */ = {isa = PBXFileReference; lastKnownFileType = sourcecode.swift; path = ForgotPasswordRequest.swift; sourceTree = "<group>"; };
		F5AE933B2F8638BE0003CAA5 /* BottomSheetData.swift */ = {isa = PBXFileReference; lastKnownFileType = sourcecode.swift; path = BottomSheetData.swift; sourceTree = "<group>"; };
		F5AE933D2F8639540003CAA5 /* BottomSheetManager.swift */ = {isa = PBXFileReference; lastKnownFileType = sourcecode.swift; path = BottomSheetManager.swift; sourceTree = "<group>"; };
		F5AE933F2F863A100003CAA5 /* GlobalBottomSheetModifier.swift */ = {isa = PBXFileReference; lastKnownFileType = sourcecode.swift; path = GlobalBottomSheetModifier.swift; sourceTree = "<group>"; };
		F5AE93412F863AB10003CAA5 /* GlobalBottomSheetView.swift */ = {isa = PBXFileReference; lastKnownFileType = sourcecode.swift; path = GlobalBottomSheetView.swift; sourceTree = "<group>"; };
		F5AE93432F86451F0003CAA5 /* AppUtils.swift */ = {isa = PBXFileReference; lastKnownFileType = sourcecode.swift; path = AppUtils.swift; sourceTree = "<group>"; };
		F5AE93452F866BDB0003CAA5 /* ConfirmOtpScreen.swift */ = {isa = PBXFileReference; lastKnownFileType = sourcecode.swift; path = ConfirmOtpScreen.swift; sourceTree = "<group>"; };
		F5AE93472F86A50B0003CAA5 /* ChangePasswordRequest.swift */ = {isa = PBXFileReference; lastKnownFileType = sourcecode.swift; path = ChangePasswordRequest.swift; sourceTree = "<group>"; };
		F5BD4A152F2A51B80020A8A4 /* AppFlow.swift */ = {isa = PBXFileReference; lastKnownFileType = sourcecode.swift; path = AppFlow.swift; sourceTree = "<group>"; };
		F5BD4A172F2A55370020A8A4 /* AppViewModel.swift */ = {isa = PBXFileReference; lastKnownFileType = sourcecode.swift; path = AppViewModel.swift; sourceTree = "<group>"; };
		F5BD4A192F2A563C0020A8A4 /* AppNavigator.swift */ = {isa = PBXFileReference; lastKnownFileType = sourcecode.swift; path = AppNavigator.swift; sourceTree = "<group>"; };
		F5BD4A1B2F2A98BD0020A8A4 /* SplashView.swift */ = {isa = PBXFileReference; lastKnownFileType = sourcecode.swift; path = SplashView.swift; sourceTree = "<group>"; };
		F5BD4A2B2F2B68C70020A8A4 /* MainStackView.swift */ = {isa = PBXFileReference; lastKnownFileType = sourcecode.swift; path = MainStackView.swift; sourceTree = "<group>"; };
		F5BD4A2D2F2B6D350020A8A4 /* AppConstants.swift */ = {isa = PBXFileReference; lastKnownFileType = sourcecode.swift; path = AppConstants.swift; sourceTree = "<group>"; };
		F5BD4A2F2F2B6E5D0020A8A4 /* UserSettings.swift */ = {isa = PBXFileReference; lastKnownFileType = sourcecode.swift; path = UserSettings.swift; sourceTree = "<group>"; };
		F5C12E8B2F717165000861B6 /* RoleFeature.swift */ = {isa = PBXFileReference; lastKnownFileType = sourcecode.swift; path = RoleFeature.swift; sourceTree = "<group>"; };
		F5C12E8D2F7171A0000861B6 /* UserRole.swift */ = {isa = PBXFileReference; lastKnownFileType = sourcecode.swift; path = UserRole.swift; sourceTree = "<group>"; };
		F5C12E8F2F71856D000861B6 /* RoleSelectionViewModel.swift */ = {isa = PBXFileReference; lastKnownFileType = sourcecode.swift; path = RoleSelectionViewModel.swift; sourceTree = "<group>"; };
		F5C12E912F71889A000861B6 /* RoleToggleView.swift */ = {isa = PBXFileReference; lastKnownFileType = sourcecode.swift; path = RoleToggleView.swift; sourceTree = "<group>"; };
		F5C12E932F728472000861B6 /* FeatureItemView.swift */ = {isa = PBXFileReference; lastKnownFileType = sourcecode.swift; path = FeatureItemView.swift; sourceTree = "<group>"; };
		F5C12E952F728E92000861B6 /* RoleSelectionScreen.swift */ = {isa = PBXFileReference; lastKnownFileType = sourcecode.swift; path = RoleSelectionScreen.swift; sourceTree = "<group>"; };
		F5C12E982F728FCC000861B6 /* PrimaryButton.swift */ = {isa = PBXFileReference; lastKnownFileType = sourcecode.swift; path = PrimaryButton.swift; sourceTree = "<group>"; };
		F5C12E9A2F72A18E000861B6 /* OnboardingViewModel.swift */ = {isa = PBXFileReference; lastKnownFileType = sourcecode.swift; path = OnboardingViewModel.swift; sourceTree = "<group>"; };
		F5C12E9C2F72A1FE000861B6 /* OnboardingFlow.swift */ = {isa = PBXFileReference; lastKnownFileType = sourcecode.swift; path = OnboardingFlow.swift; sourceTree = "<group>"; };
		F5C12EA02F72A491000861B6 /* OnboardingNavigatorView.swift */ = {isa = PBXFileReference; lastKnownFileType = sourcecode.swift; path = OnboardingNavigatorView.swift; sourceTree = "<group>"; };
		F5C12EB22F72C525000861B6 /* MainLibraryScreen.swift */ = {isa = PBXFileReference; lastKnownFileType = sourcecode.swift; path = MainLibraryScreen.swift; sourceTree = "<group>"; };
		F5C12EB62F72C5AE000861B6 /* MainCbtScreen.swift */ = {isa = PBXFileReference; lastKnownFileType = sourcecode.swift; path = MainCbtScreen.swift; sourceTree = "<group>"; };
		F5C12EB82F72C5C7000861B6 /* MainVideoScreen.swift */ = {isa = PBXFileReference; lastKnownFileType = sourcecode.swift; path = MainVideoScreen.swift; sourceTree = "<group>"; };
		F5C12EBA2F72C625000861B6 /* MainBookScreen.swift */ = {isa = PBXFileReference; lastKnownFileType = sourcecode.swift; path = MainBookScreen.swift; sourceTree = "<group>"; };
		F5C12EBC2F73CF77000861B6 /* MainTab.swift */ = {isa = PBXFileReference; lastKnownFileType = sourcecode.swift; path = MainTab.swift; sourceTree = "<group>"; };
		F5D04F1B2F73E6F7008FF390 /* CurvedTabBarShape.swift */ = {isa = PBXFileReference; lastKnownFileType = sourcecode.swift; path = CurvedTabBarShape.swift; sourceTree = "<group>"; };
		F5D04F1D2F73E7B2008FF390 /* CustomBottomNav.swift */ = {isa = PBXFileReference; lastKnownFileType = sourcecode.swift; path = CustomBottomNav.swift; sourceTree = "<group>"; };
		F5DB3E9E2F740C94003B16F8 /* MainScreen.swift */ = {isa = PBXFileReference; lastKnownFileType = sourcecode.swift; path = MainScreen.swift; sourceTree = "<group>"; };
		F5E144E42F7FB46500C10F3A /* KeychainHelper.swift */ = {isa = PBXFileReference; lastKnownFileType = sourcecode.swift; path = KeychainHelper.swift; sourceTree = "<group>"; };
		F5E144E62F7FB50C00C10F3A /* DeviceManager.swift */ = {isa = PBXFileReference; lastKnownFileType = sourcecode.swift; path = DeviceManager.swift; sourceTree = "<group>"; };
		F5E144E82F7FB70900C10F3A /* Constants.swift */ = {isa = PBXFileReference; lastKnownFileType = sourcecode.swift; path = Constants.swift; sourceTree = "<group>"; };
		F5E144EF2F7FC4F200C10F3A /* LoginRequest.swift */ = {isa = PBXFileReference; lastKnownFileType = sourcecode.swift; path = LoginRequest.swift; sourceTree = "<group>"; };
		F5E144F12F7FC5E800C10F3A /* LoginResponse.swift */ = {isa = PBXFileReference; lastKnownFileType = sourcecode.swift; path = LoginResponse.swift; sourceTree = "<group>"; };
		F5E144F42F7FC67C00C10F3A /* AuthApi.swift */ = {isa = PBXFileReference; lastKnownFileType = sourcecode.swift; path = AuthApi.swift; sourceTree = "<group>"; };
		F5E144F82F7FEE2A00C10F3A /* JsonExtractor.swift */ = {isa = PBXFileReference; lastKnownFileType = sourcecode.swift; path = JsonExtractor.swift; sourceTree = "<group>"; };
		F5E144FA2F7FEEA100C10F3A /* ApiClient.swift */ = {isa = PBXFileReference; lastKnownFileType = sourcecode.swift; path = ApiClient.swift; sourceTree = "<group>"; };
		F5E144FC2F7FEF6A00C10F3A /* AppError.swift */ = {isa = PBXFileReference; lastKnownFileType = sourcecode.swift; path = AppError.swift; sourceTree = "<group>"; };
		F5E145002F7FF63A00C10F3A /* AuthService.swift */ = {isa = PBXFileReference; lastKnownFileType = sourcecode.swift; path = AuthService.swift; sourceTree = "<group>"; };
		F5E145022F80599E00C10F3A /* NavMenu.swift */ = {isa = PBXFileReference; lastKnownFileType = sourcecode.swift; path = NavMenu.swift; sourceTree = "<group>"; };
		F5E7057B2F4DEA55001016B6 /* IntroPage.swift */ = {isa = PBXFileReference; lastKnownFileType = sourcecode.swift; path = IntroPage.swift; sourceTree = "<group>"; };
		F5F7A7622F3882F70097558D /* gilroy_100.ttf */ = {isa = PBXFileReference; lastKnownFileType = file; path = gilroy_100.ttf; sourceTree = "<group>"; };
		F5F7A7642F3883260097558D /* gilroy_200.ttf */ = {isa = PBXFileReference; lastKnownFileType = file; path = gilroy_200.ttf; sourceTree = "<group>"; };
		F5F7A7652F3883260097558D /* gilroy_600.ttf */ = {isa = PBXFileReference; lastKnownFileType = file; path = gilroy_600.ttf; sourceTree = "<group>"; };
		F5F7A7662F3883260097558D /* gilroy_400.ttf */ = {isa = PBXFileReference; lastKnownFileType = file; path = gilroy_400.ttf; sourceTree = "<group>"; };
		F5F7A7672F3883260097558D /* gilroy_700.ttf */ = {isa = PBXFileReference; lastKnownFileType = file; path = gilroy_700.ttf; sourceTree = "<group>"; };
		F5F7A7682F3883260097558D /* gilroy_500.ttf */ = {isa = PBXFileReference; lastKnownFileType = file; path = gilroy_500.ttf; sourceTree = "<group>"; };
		F5F7A76E2F38833F0097558D /* gilroy_heavy.ttf */ = {isa = PBXFileReference; lastKnownFileType = file; path = gilroy_heavy.ttf; sourceTree = "<group>"; };
		F5F7A76F2F38833F0097558D /* gilroy.ttf */ = {isa = PBXFileReference; lastKnownFileType = file; path = gilroy.ttf; sourceTree = "<group>"; };
		F5F7A7702F38833F0097558D /* gilroy_900.ttf */ = {isa = PBXFileReference; lastKnownFileType = file; path = gilroy_900.ttf; sourceTree = "<group>"; };
		F5F7A7712F38833F0097558D /* gilroy_ultralight.ttf */ = {isa = PBXFileReference; lastKnownFileType = file; path = gilroy_ultralight.ttf; sourceTree = "<group>"; };
		F5F7A7762F3887A60097558D /* Q-and-A-Info.plist */ = {isa = PBXFileReference; lastKnownFileType = text.plist; path = "Q-and-A-Info.plist"; sourceTree = SOURCE_ROOT; };
		F5F7A7772F388DBE0097558D /* AppFont.swift */ = {isa = PBXFileReference; lastKnownFileType = sourcecode.swift; path = AppFont.swift; sourceTree = "<group>"; };
		F5F7A7792F38C8EE0097558D /* Localizable.xcstrings */ = {isa = PBXFileReference; lastKnownFileType = text.json.xcstrings; path = Localizable.xcstrings; sourceTree = "<group>"; };
		F5FEC40C2F892B4D004C8D53 /* LocalStore.swift */ = {isa = PBXFileReference; lastKnownFileType = sourcecode.swift; path = LocalStore.swift; sourceTree = "<group>"; };
		F5FEC40E2F892D30004C8D53 /* ParentCategoriesResponse.swift */ = {isa = PBXFileReference; lastKnownFileType = sourcecode.swift; path = ParentCategoriesResponse.swift; sourceTree = "<group>"; };
		F5FEC4112F8CEB28004C8D53 /* CbtApi.swift */ = {isa = PBXFileReference; lastKnownFileType = sourcecode.swift; path = CbtApi.swift; sourceTree = "<group>"; };
		F5FEC4132F8CFD8E004C8D53 /* CbtService.swift */ = {isa = PBXFileReference; lastKnownFileType = sourcecode.swift; path = CbtService.swift; sourceTree = "<group>"; };
		F5FEC4192F8D0095004C8D53 /* MainCbtState.swift */ = {isa = PBXFileReference; lastKnownFileType = sourcecode.swift; path = MainCbtState.swift; sourceTree = "<group>"; };
		F5FEC41B2F8D012E004C8D53 /* MainCbtViewModel.swift */ = {isa = PBXFileReference; lastKnownFileType = sourcecode.swift; path = MainCbtViewModel.swift; sourceTree = "<group>"; };
/* End PBXFileReference section */

/* Begin PBXFrameworksBuildPhase section */
		F5941CD32F22124300611063 /* Frameworks */ = {
			isa = PBXFrameworksBuildPhase;
			buildActionMask = 2147483647;
			files = (
				F5E144EE2F7FB9F200C10F3A /* Moya in Frameworks */,
				F5E144EC2F7FB9F200C10F3A /* CombineMoya in Frameworks */,
			);
			runOnlyForDeploymentPostprocessing = 0;
		};
/* End PBXFrameworksBuildPhase section */

/* Begin PBXGroup section */
		F5181B7B2F27811F006EE609 /* App */ = {
			isa = PBXGroup;
			children = (
				F5BD4A142F2A50F40020A8A4 /* Models */,
				F5BD4A132F2A50360020A8A4 /* ViewModels */,
				F5BD4A122F2A50360020A8A4 /* Views */,
			);
			path = App;
			sourceTree = "<group>";
		};
		F526A8002F70374600BF414A /* Views */ = {
			isa = PBXGroup;
			children = (
				F526A7FD2F70374600BF414A /* IntroBottomCard.swift */,
				F526A7FE2F70374600BF414A /* IntroNavigationButtons.swift */,
				F526A7FF2F70374600BF414A /* IntroStackView.swift */,
				F5C12E912F71889A000861B6 /* RoleToggleView.swift */,
				F5C12E932F728472000861B6 /* FeatureItemView.swift */,
				F5C12E952F728E92000861B6 /* RoleSelectionScreen.swift */,
				F5C12EA02F72A491000861B6 /* OnboardingNavigatorView.swift */,
				F56A463F2F757F9800B3D2FC /* LoginScreen.swift */,
				F515E7012F8380F30069DA7B /* ForgotPasswordScreen.swift */,
				F5AE93452F866BDB0003CAA5 /* ConfirmOtpScreen.swift */,
				F500CBB22F87C3F200111B77 /* ChangePasswordScreen.swift */,
			);
			path = Views;
			sourceTree = "<group>";
		};
		F526A8052F7037D400BF414A /* Models */ = {
			isa = PBXGroup;
			children = (
				F5C12E9C2F72A1FE000861B6 /* OnboardingFlow.swift */,
				F526A8042F7037D400BF414A /* IntroPage.swift */,
				F5C12E8B2F717165000861B6 /* RoleFeature.swift */,
				F5C12E8D2F7171A0000861B6 /* UserRole.swift */,
				F5E144EF2F7FC4F200C10F3A /* LoginRequest.swift */,
				F5E144F12F7FC5E800C10F3A /* LoginResponse.swift */,
				F5E7057B2F4DEA55001016B6 /* IntroPage.swift */,
				F550212E2F80E73B0057C2F0 /* LoginState.swift */,
				F5AE93352F854C280003CAA5 /* ForgotPasswordState.swift */,
				F5AE93372F854F8E0003CAA5 /* GeneralResponse.swift */,
				F5AE93392F85509A0003CAA5 /* ForgotPasswordRequest.swift */,
				F5AE93472F86A50B0003CAA5 /* ChangePasswordRequest.swift */,
				F500CBB42F87CA3900111B77 /* ChangePasswordState.swift */,
			);
			path = Models;
			sourceTree = "<group>";
		};
		F55021382F8291190057C2F0 /* Community */ = {
			isa = PBXGroup;
			children = (
				F550213B2F82917C0057C2F0 /* ViewModel */,
				F550213A2F8291740057C2F0 /* View */,
				F55021392F82916B0057C2F0 /* Model */,
			);
			path = Community;
			sourceTree = "<group>";
		};
		F55021392F82916B0057C2F0 /* Model */ = {
			isa = PBXGroup;
			children = (
			);
			path = Model;
			sourceTree = "<group>";
		};
		F550213A2F8291740057C2F0 /* View */ = {
			isa = PBXGroup;
			children = (
				F550213C2F8291E00057C2F0 /* MainCommunityScreen.swift */,
			);
			path = View;
			sourceTree = "<group>";
		};
		F550213B2F82917C0057C2F0 /* ViewModel */ = {
			isa = PBXGroup;
			children = (
			);
			path = ViewModel;
			sourceTree = "<group>";
		};
		F550213E2F82AE000057C2F0 /* Models */ = {
			isa = PBXGroup;
			children = (
				F55021412F82AE450057C2F0 /* Toast.swift */,
				F5AE933B2F8638BE0003CAA5 /* BottomSheetData.swift */,
			);
			path = Models;
			sourceTree = "<group>";
		};
		F5941CCD2F22124300611063 = {
			isa = PBXGroup;
			children = (
				F5941CD82F22124300611063 /* Q and A */,
				F5941CD72F22124300611063 /* Products */,
			);
			sourceTree = "<group>";
		};
		F5941CD72F22124300611063 /* Products */ = {
			isa = PBXGroup;
			children = (
				F5941CD62F22124300611063 /* Q and A.app */,
			);
			name = Products;
			sourceTree = "<group>";
		};
		F5941CD82F22124300611063 /* Q and A */ = {
			isa = PBXGroup;
			children = (
				F5F7A7762F3887A60097558D /* Q-and-A-Info.plist */,
				F5F7A7602F3882380097558D /* Resources */,
				F5BD4A202F2A9CF70020A8A4 /* Core */,
				F5BD4A1F2F2A9CF70020A8A4 /* Features */,
				F5181B7B2F27811F006EE609 /* App */,
				F5941CDD2F22124500611063 /* Assets.xcassets */,
				F5941CDF2F22124500611063 /* Preview Content */,
				F5F7A7792F38C8EE0097558D /* Localizable.xcstrings */,
			);
			path = "Q and A";
			sourceTree = "<group>";
		};
		F5941CDF2F22124500611063 /* Preview Content */ = {
			isa = PBXGroup;
			children = (
				F5941CE02F22124500611063 /* Preview Assets.xcassets */,
			);
			path = "Preview Content";
			sourceTree = "<group>";
		};
		F5BD4A122F2A50360020A8A4 /* Views */ = {
			isa = PBXGroup;
			children = (
				F5941CD92F22124300611063 /* Q_and_AApp.swift */,
				F5BD4A192F2A563C0020A8A4 /* AppNavigator.swift */,
				F5BD4A1B2F2A98BD0020A8A4 /* SplashView.swift */,
				F59482C62F2CD7FF0030C541 /* SplashScreen.swift */,
			);
			path = Views;
			sourceTree = "<group>";
		};
		F5BD4A132F2A50360020A8A4 /* ViewModels */ = {
			isa = PBXGroup;
			children = (
				F5BD4A172F2A55370020A8A4 /* AppViewModel.swift */,
			);
			path = ViewModels;
			sourceTree = "<group>";
		};
		F5BD4A142F2A50F40020A8A4 /* Models */ = {
			isa = PBXGroup;
			children = (
				F5BD4A152F2A51B80020A8A4 /* AppFlow.swift */,
				F5BD4A2D2F2B6D350020A8A4 /* AppConstants.swift */,
				F5BD4A2F2F2B6E5D0020A8A4 /* UserSettings.swift */,
				F5F7A7772F388DBE0097558D /* AppFont.swift */,
			);
			path = Models;
			sourceTree = "<group>";
		};
		F5BD4A1F2F2A9CF70020A8A4 /* Features */ = {
			isa = PBXGroup;
			children = (
				F55021382F8291190057C2F0 /* Community */,
				F5C12EA52F72C40A000861B6 /* Library */,
				F5C12EA42F72C3EE000861B6 /* Cbt */,
				F5C12EA32F72C3CA000861B6 /* Video */,
				F5C12EA22F72C3BE000861B6 /* Book */,
				F5BD4A212F2B66F70020A8A4 /* Auth */,
				F5BD4A222F2B66F80020A8A4 /* Main */,
			);
			path = Features;
			sourceTree = "<group>";
		};
		F5BD4A202F2A9CF70020A8A4 /* Core */ = {
			isa = PBXGroup;
			children = (
				F550213E2F82AE000057C2F0 /* Models */,
				F5E144E12F7FB3AF00C10F3A /* Utility */,
				F5C12E972F728F98000861B6 /* Views */,
			);
			path = Core;
			sourceTree = "<group>";
		};
		F5BD4A212F2B66F70020A8A4 /* Auth */ = {
			isa = PBXGroup;
			children = (
				F5E144F32F7FC65B00C10F3A /* Network */,
				F526A8052F7037D400BF414A /* Models */,
				F526A8002F70374600BF414A /* Views */,
				F5BD4A242F2B67EB0020A8A4 /* ViewModels */,
			);
			path = Auth;
			sourceTree = "<group>";
		};
		F5BD4A222F2B66F80020A8A4 /* Main */ = {
			isa = PBXGroup;
			children = (
				F5BD4A262F2B68050020A8A4 /* Models */,
				F5BD4A282F2B68050020A8A4 /* ViewModels */,
				F5BD4A272F2B68050020A8A4 /* Views */,
			);
			path = Main;
			sourceTree = "<group>";
		};
		F5BD4A242F2B67EB0020A8A4 /* ViewModels */ = {
			isa = PBXGroup;
			children = (
				F55912A52F4F235900BCB041 /* IntroViewModel.swift */,
				F5C12E8F2F71856D000861B6 /* RoleSelectionViewModel.swift */,
				F5C12E9A2F72A18E000861B6 /* OnboardingViewModel.swift */,
				F55021302F80E7F70057C2F0 /* LoginViewModel.swift */,
				F5AE93332F854AFD0003CAA5 /* ForgotPasswordViewModel.swift */,
				F500CBB62F87CB0300111B77 /* ChangePasswordViewModel.swift */,
			);
			path = ViewModels;
			sourceTree = "<group>";
		};
		F5BD4A262F2B68050020A8A4 /* Models */ = {
			isa = PBXGroup;
			children = (
				F5C12EBC2F73CF77000861B6 /* MainTab.swift */,
				F56A463B2F75739900B3D2FC /* MainRoute.swift */,
				F5E145022F80599E00C10F3A /* NavMenu.swift */,
				F55021342F812ACB0057C2F0 /* UserProfile.swift */,
			);
			path = Models;
			sourceTree = "<group>";
		};
		F5BD4A272F2B68050020A8A4 /* Views */ = {
			isa = PBXGroup;
			children = (
				F5BD4A2B2F2B68C70020A8A4 /* MainStackView.swift */,
				F5D04F1B2F73E6F7008FF390 /* CurvedTabBarShape.swift */,
				F5D04F1D2F73E7B2008FF390 /* CustomBottomNav.swift */,
				F5DB3E9E2F740C94003B16F8 /* MainScreen.swift */,
				F56A46412F769D4400B3D2FC /* NavDrawer.swift */,
				F56A46432F79610600B3D2FC /* ProfileImageView.swift */,
				F56A46452F797AE600B3D2FC /* NavMenuView.swift */,
			);
			path = Views;
			sourceTree = "<group>";
		};
		F5BD4A282F2B68050020A8A4 /* ViewModels */ = {
			isa = PBXGroup;
			children = (
				F56A463D2F75775D00B3D2FC /* MainNavViewModel.swift */,
				F55021362F812BCF0057C2F0 /* MainScreenViewModel.swift */,
			);
			path = ViewModels;
			sourceTree = "<group>";
		};
		F5C12E972F728F98000861B6 /* Views */ = {
			isa = PBXGroup;
			children = (
				F5C12E982F728FCC000861B6 /* PrimaryButton.swift */,
				F55021432F82AFE70057C2F0 /* ToastBannerView.swift */,
				F55021452F82B07E0057C2F0 /* ToastBannerModifier.swift */,
				F5AE933F2F863A100003CAA5 /* GlobalBottomSheetModifier.swift */,
				F5AE93412F863AB10003CAA5 /* GlobalBottomSheetView.swift */,
			);
			path = Views;
			sourceTree = "<group>";
		};
		F5C12EA22F72C3BE000861B6 /* Book */ = {
			isa = PBXGroup;
			children = (
				F5C12EA82F72C465000861B6 /* ViewModel */,
				F5C12EA72F72C45B000861B6 /* View */,
				F5C12EA62F72C451000861B6 /* Model */,
			);
			path = Book;
			sourceTree = "<group>";
		};
		F5C12EA32F72C3CA000861B6 /* Video */ = {
			isa = PBXGroup;
			children = (
				F5C12EAB2F72C4A9000861B6 /* ViewModel */,
				F5C12EAA2F72C49C000861B6 /* View */,
				F5C12EA92F72C48F000861B6 /* Model */,
			);
			path = Video;
			sourceTree = "<group>";
		};
		F5C12EA42F72C3EE000861B6 /* Cbt */ = {
			isa = PBXGroup;
			children = (
				F5FEC4102F8CEAAA004C8D53 /* Network */,
				F5C12EAE2F72C4C7000861B6 /* ViewModel */,
				F5C12EAD2F72C4C0000861B6 /* View */,
				F5C12EAC2F72C4B9000861B6 /* Model */,
			);
			path = Cbt;
			sourceTree = "<group>";
		};
		F5C12EA52F72C40A000861B6 /* Library */ = {
			isa = PBXGroup;
			children = (
				F5C12EB12F72C4F6000861B6 /* ViewModel */,
				F5C12EB02F72C4EE000861B6 /* View */,
				F5C12EAF2F72C4E6000861B6 /* Model */,
			);
			path = Library;
			sourceTree = "<group>";
		};
		F5C12EA62F72C451000861B6 /* Model */ = {
			isa = PBXGroup;
			children = (
			);
			path = Model;
			sourceTree = "<group>";
		};
		F5C12EA72F72C45B000861B6 /* View */ = {
			isa = PBXGroup;
			children = (
				F5C12EBA2F72C625000861B6 /* MainBookScreen.swift */,
			);
			path = View;
			sourceTree = "<group>";
		};
		F5C12EA82F72C465000861B6 /* ViewModel */ = {
			isa = PBXGroup;
			children = (
			);
			path = ViewModel;
			sourceTree = "<group>";
		};
		F5C12EA92F72C48F000861B6 /* Model */ = {
			isa = PBXGroup;
			children = (
			);
			path = Model;
			sourceTree = "<group>";
		};
		F5C12EAA2F72C49C000861B6 /* View */ = {
			isa = PBXGroup;
			children = (
				F5C12EB82F72C5C7000861B6 /* MainVideoScreen.swift */,
			);
			path = View;
			sourceTree = "<group>";
		};
		F5C12EAB2F72C4A9000861B6 /* ViewModel */ = {
			isa = PBXGroup;
			children = (
			);
			path = ViewModel;
			sourceTree = "<group>";
		};
		F5C12EAC2F72C4B9000861B6 /* Model */ = {
			isa = PBXGroup;
			children = (
				F5FEC40E2F892D30004C8D53 /* ParentCategoriesResponse.swift */,
				F5FEC4192F8D0095004C8D53 /* MainCbtState.swift */,
			);
			path = Model;
			sourceTree = "<group>";
		};
		F5C12EAD2F72C4C0000861B6 /* View */ = {
			isa = PBXGroup;
			children = (
				F5C12EB62F72C5AE000861B6 /* MainCbtScreen.swift */,
			);
			path = View;
			sourceTree = "<group>";
		};
		F5C12EAE2F72C4C7000861B6 /* ViewModel */ = {
			isa = PBXGroup;
			children = (
				F5FEC41B2F8D012E004C8D53 /* MainCbtViewModel.swift */,
			);
			path = ViewModel;
			sourceTree = "<group>";
		};
		F5C12EAF2F72C4E6000861B6 /* Model */ = {
			isa = PBXGroup;
			children = (
			);
			path = Model;
			sourceTree = "<group>";
		};
		F5C12EB02F72C4EE000861B6 /* View */ = {
			isa = PBXGroup;
			children = (
				F5C12EB22F72C525000861B6 /* MainLibraryScreen.swift */,
			);
			path = View;
			sourceTree = "<group>";
		};
		F5C12EB12F72C4F6000861B6 /* ViewModel */ = {
			isa = PBXGroup;
			children = (
			);
			path = ViewModel;
			sourceTree = "<group>";
		};
		F5E144E12F7FB3AF00C10F3A /* Utility */ = {
			isa = PBXGroup;
			children = (
				F55021322F80EA0D0057C2F0 /* StringExtensions.swift */,
				F5E144E42F7FB46500C10F3A /* KeychainHelper.swift */,
				F5E144E62F7FB50C00C10F3A /* DeviceManager.swift */,
				F5E144E82F7FB70900C10F3A /* Constants.swift */,
				F5E144F82F7FEE2A00C10F3A /* JsonExtractor.swift */,
				F5E144FA2F7FEEA100C10F3A /* ApiClient.swift */,
				F5E144FC2F7FEF6A00C10F3A /* AppError.swift */,
				F55021472F82FC8F0057C2F0 /* ViewExtension.swift */,
				F5AE933D2F8639540003CAA5 /* BottomSheetManager.swift */,
				F5AE93432F86451F0003CAA5 /* AppUtils.swift */,
				F5FEC40C2F892B4D004C8D53 /* LocalStore.swift */,
			);
			path = Utility;
			sourceTree = "<group>";
		};
		F5E144F32F7FC65B00C10F3A /* Network */ = {
			isa = PBXGroup;
			children = (
				F5E144F42F7FC67C00C10F3A /* AuthApi.swift */,
				F5E145002F7FF63A00C10F3A /* AuthService.swift */,
			);
			path = Network;
			sourceTree = "<group>";
		};
		F5F7A7602F3882380097558D /* Resources */ = {
			isa = PBXGroup;
			children = (
				F5F7A7612F38826B0097558D /* Fonts */,
			);
			path = Resources;
			sourceTree = "<group>";
		};
		F5F7A7612F38826B0097558D /* Fonts */ = {
			isa = PBXGroup;
			children = (
				F5F7A7702F38833F0097558D /* gilroy_900.ttf */,
				F5F7A76E2F38833F0097558D /* gilroy_heavy.ttf */,
				F5F7A7712F38833F0097558D /* gilroy_ultralight.ttf */,
				F5F7A76F2F38833F0097558D /* gilroy.ttf */,
				F5F7A7642F3883260097558D /* gilroy_200.ttf */,
				F5F7A7662F3883260097558D /* gilroy_400.ttf */,
				F5F7A7682F3883260097558D /* gilroy_500.ttf */,
				F5F7A7652F3883260097558D /* gilroy_600.ttf */,
				F5F7A7672F3883260097558D /* gilroy_700.ttf */,
				F5F7A7622F3882F70097558D /* gilroy_100.ttf */,
			);
			path = Fonts;
			sourceTree = "<group>";
		};
		F5FEC4102F8CEAAA004C8D53 /* Network */ = {
			isa = PBXGroup;
			children = (
				F5FEC4112F8CEB28004C8D53 /* CbtApi.swift */,
				F5FEC4132F8CFD8E004C8D53 /* CbtService.swift */,
			);
			path = Network;
			sourceTree = "<group>";
		};
/* End PBXGroup section */

/* Begin PBXNativeTarget section */
		F5941CD52F22124300611063 /* Q and A */ = {
			isa = PBXNativeTarget;
			buildConfigurationList = F5941CE42F22124500611063 /* Build configuration list for PBXNativeTarget "Q and A" */;
			buildPhases = (
				F5941CD22F22124300611063 /* Sources */,
				F5941CD32F22124300611063 /* Frameworks */,
				F5941CD42F22124300611063 /* Resources */,
			);
			buildRules = (
			);
			dependencies = (
			);
			name = "Q and A";
			productName = "Q and A";
			productReference = F5941CD62F22124300611063 /* Q and A.app */;
			productType = "com.apple.product-type.application";
		};
/* End PBXNativeTarget section */

/* Begin PBXProject section */
		F5941CCE2F22124300611063 /* Project object */ = {
			isa = PBXProject;
			attributes = {
				BuildIndependentTargetsInParallel = 1;
				LastSwiftUpdateCheck = 1530;
				LastUpgradeCheck = 1530;
				TargetAttributes = {
					F5941CD52F22124300611063 = {
						CreatedOnToolsVersion = 15.3;
					};
				};
			};
			buildConfigurationList = F5941CD12F22124300611063 /* Build configuration list for PBXProject "Q and A" */;
			compatibilityVersion = "Xcode 14.0";
			developmentRegion = en;
			hasScannedForEncodings = 0;
			knownRegions = (
				en,
				Base,
			);
			mainGroup = F5941CCD2F22124300611063;
			packageReferences = (
				F5E144EA2F7FB9F200C10F3A /* XCRemoteSwiftPackageReference "Moya" */,
			);
			productRefGroup = F5941CD72F22124300611063 /* Products */;
			projectDirPath = "";
			projectRoot = "";
			targets = (
				F5941CD52F22124300611063 /* Q and A */,
			);
		};
/* End PBXProject section */

/* Begin PBXResourcesBuildPhase section */
		F5941CD42F22124300611063 /* Resources */ = {
			isa = PBXResourcesBuildPhase;
			buildActionMask = 2147483647;
			files = (
				F5941CE12F22124500611063 /* Preview Assets.xcassets in Resources */,
				F5F7A7692F3883260097558D /* gilroy_200.ttf in Resources */,
				F5F7A7732F38833F0097558D /* gilroy.ttf in Resources */,
				F5F7A7722F38833F0097558D /* gilroy_heavy.ttf in Resources */,
				F5941CDE2F22124500611063 /* Assets.xcassets in Resources */,
				F5F7A76A2F3883260097558D /* gilroy_600.ttf in Resources */,
				F5F7A77A2F38C8EE0097558D /* Localizable.xcstrings in Resources */,
				F5F7A7752F38833F0097558D /* gilroy_ultralight.ttf in Resources */,
				F5F7A76D2F3883260097558D /* gilroy_500.ttf in Resources */,
				F5F7A7742F38833F0097558D /* gilroy_900.ttf in Resources */,
				F5F7A7632F3882F70097558D /* gilroy_100.ttf in Resources */,
				F5F7A76C2F3883260097558D /* gilroy_700.ttf in Resources */,
				F5F7A76B2F3883260097558D /* gilroy_400.ttf in Resources */,
			);
			runOnlyForDeploymentPostprocessing = 0;
		};
/* End PBXResourcesBuildPhase section */

/* Begin PBXSourcesBuildPhase section */
		F5941CD22F22124300611063 /* Sources */ = {
			isa = PBXSourcesBuildPhase;
			buildActionMask = 2147483647;
			files = (
				F5D04F1E2F73E7B2008FF390 /* CustomBottomNav.swift in Sources */,
				F526A8022F70374600BF414A /* IntroNavigationButtons.swift in Sources */,
				F5C12EBB2F72C625000861B6 /* MainBookScreen.swift in Sources */,
				F56A463E2F75775D00B3D2FC /* MainNavViewModel.swift in Sources */,
				F59482C72F2CD7FF0030C541 /* SplashScreen.swift in Sources */,
				F5FEC41A2F8D0096004C8D53 /* MainCbtState.swift in Sources */,
				F5C12EB32F72C525000861B6 /* MainLibraryScreen.swift in Sources */,
				F5FEC41C2F8D012F004C8D53 /* MainCbtViewModel.swift in Sources */,
				F5AE93462F866BDB0003CAA5 /* ConfirmOtpScreen.swift in Sources */,
				F5AE93402F863A100003CAA5 /* GlobalBottomSheetModifier.swift in Sources */,
				F56A463C2F75739900B3D2FC /* MainRoute.swift in Sources */,
				F5E144E72F7FB50C00C10F3A /* DeviceManager.swift in Sources */,
				F500CBB52F87CA3900111B77 /* ChangePasswordState.swift in Sources */,
				F5AE93342F854AFD0003CAA5 /* ForgotPasswordViewModel.swift in Sources */,
				F55021312F80E7F70057C2F0 /* LoginViewModel.swift in Sources */,
				F5E144E92F7FB70900C10F3A /* Constants.swift in Sources */,
				F5BD4A2C2F2B68C70020A8A4 /* MainStackView.swift in Sources */,
				F5C12E942F728472000861B6 /* FeatureItemView.swift in Sources */,
				F5FEC40F2F892D30004C8D53 /* ParentCategoriesResponse.swift in Sources */,
				F55021332F80EA170057C2F0 /* StringExtensions.swift in Sources */,
				F5C12E8C2F717165000861B6 /* RoleFeature.swift in Sources */,
				F5C12EA12F72A491000861B6 /* OnboardingNavigatorView.swift in Sources */,
				F526A8062F7037D400BF414A /* IntroPage.swift in Sources */,
				F5C12EBD2F73CF77000861B6 /* MainTab.swift in Sources */,
				F5AE93482F86A50B0003CAA5 /* ChangePasswordRequest.swift in Sources */,
				F5BD4A162F2A51B80020A8A4 /* AppFlow.swift in Sources */,
				F5C12E8E2F7171A0000861B6 /* UserRole.swift in Sources */,
				F5AE933C2F8638BE0003CAA5 /* BottomSheetData.swift in Sources */,
				F5C12E962F728E92000861B6 /* RoleSelectionScreen.swift in Sources */,
				F55912A62F4F235900BCB041 /* IntroViewModel.swift in Sources */,
				F56A46462F797AE600B3D2FC /* NavMenuView.swift in Sources */,
				F5FEC4122F8CEB28004C8D53 /* CbtApi.swift in Sources */,
				F5E144FD2F7FEF6A00C10F3A /* AppError.swift in Sources */,
				F5E7057C2F4DEA55001016B6 /* IntroPage.swift in Sources */,
				F5AE93442F86451F0003CAA5 /* AppUtils.swift in Sources */,
				F55021442F82AFE70057C2F0 /* ToastBannerView.swift in Sources */,
				F5C12E902F71856D000861B6 /* RoleSelectionViewModel.swift in Sources */,
				F5BD4A182F2A55370020A8A4 /* AppViewModel.swift in Sources */,
				F55021372F812BCF0057C2F0 /* MainScreenViewModel.swift in Sources */,
				F5F7A7782F388DBE0097558D /* AppFont.swift in Sources */,
				F526A8032F70374600BF414A /* IntroStackView.swift in Sources */,
				F5E144F22F7FC5E800C10F3A /* LoginResponse.swift in Sources */,
				F5AE93362F854C280003CAA5 /* ForgotPasswordState.swift in Sources */,
				F500CBB32F87C3F200111B77 /* ChangePasswordScreen.swift in Sources */,
				F5BD4A2E2F2B6D350020A8A4 /* AppConstants.swift in Sources */,
				F5C12E922F71889A000861B6 /* RoleToggleView.swift in Sources */,
				F5BD4A302F2B6E5D0020A8A4 /* UserSettings.swift in Sources */,
				F5E144F52F7FC67C00C10F3A /* AuthApi.swift in Sources */,
				F5AE93382F854F8E0003CAA5 /* GeneralResponse.swift in Sources */,
				F55021422F82AE450057C2F0 /* Toast.swift in Sources */,
				F5C12E9D2F72A1FE000861B6 /* OnboardingFlow.swift in Sources */,
				F56A46402F757F9800B3D2FC /* LoginScreen.swift in Sources */,
				F5DB3E9F2F740C94003B16F8 /* MainScreen.swift in Sources */,
				F5C12EB92F72C5C7000861B6 /* MainVideoScreen.swift in Sources */,
				F5FEC40D2F892B4D004C8D53 /* LocalStore.swift in Sources */,
				F5AE93422F863AB10003CAA5 /* GlobalBottomSheetView.swift in Sources */,
				F5D04F1C2F73E6F7008FF390 /* CurvedTabBarShape.swift in Sources */,
				F500CBB72F87CB0300111B77 /* ChangePasswordViewModel.swift in Sources */,
				F5E144FB2F7FEEA100C10F3A /* ApiClient.swift in Sources */,
				F515E7022F8380F30069DA7B /* ForgotPasswordScreen.swift in Sources */,
				F5E144F92F7FEE2A00C10F3A /* JsonExtractor.swift in Sources */,
				F56A46442F79610600B3D2FC /* ProfileImageView.swift in Sources */,
				F526A8012F70374600BF414A /* IntroBottomCard.swift in Sources */,
				F5C12E9B2F72A18E000861B6 /* OnboardingViewModel.swift in Sources */,
				F55021352F812ACB0057C2F0 /* UserProfile.swift in Sources */,
				F5AE933E2F8639540003CAA5 /* BottomSheetManager.swift in Sources */,
				F5BD4A1C2F2A98BD0020A8A4 /* SplashView.swift in Sources */,
				F5E144E52F7FB46500C10F3A /* KeychainHelper.swift in Sources */,
				F5C12EB72F72C5AE000861B6 /* MainCbtScreen.swift in Sources */,
				F5C12E992F728FCC000861B6 /* PrimaryButton.swift in Sources */,
				F55021462F82B07E0057C2F0 /* ToastBannerModifier.swift in Sources */,
				F5FEC4142F8CFD8E004C8D53 /* CbtService.swift in Sources */,
				F5AE933A2F85509A0003CAA5 /* ForgotPasswordRequest.swift in Sources */,
				F550212F2F80E73B0057C2F0 /* LoginState.swift in Sources */,
				F5E145032F80599E00C10F3A /* NavMenu.swift in Sources */,
				F5BD4A1A2F2A563C0020A8A4 /* AppNavigator.swift in Sources */,
				F55021482F82FC8F0057C2F0 /* ViewExtension.swift in Sources */,
				F56A46422F769D4400B3D2FC /* NavDrawer.swift in Sources */,
				F550213D2F8291E00057C2F0 /* MainCommunityScreen.swift in Sources */,
				F5E145012F7FF63A00C10F3A /* AuthService.swift in Sources */,
				F5941CDA2F22124300611063 /* Q_and_AApp.swift in Sources */,
				F5E144F02F7FC4F200C10F3A /* LoginRequest.swift in Sources */,
			);
			runOnlyForDeploymentPostprocessing = 0;
		};
/* End PBXSourcesBuildPhase section */

/* Begin XCBuildConfiguration section */
		F5941CE22F22124500611063 /* Debug */ = {
			isa = XCBuildConfiguration;
			buildSettings = {
				ALWAYS_SEARCH_USER_PATHS = NO;
				ASSETCATALOG_COMPILER_GENERATE_SWIFT_ASSET_SYMBOL_EXTENSIONS = YES;
				CLANG_ANALYZER_NONNULL = YES;
				CLANG_ANALYZER_NUMBER_OBJECT_CONVERSION = YES_AGGRESSIVE;
				CLANG_CXX_LANGUAGE_STANDARD = "gnu++20";
				CLANG_ENABLE_MODULES = YES;
				CLANG_ENABLE_OBJC_ARC = YES;
				CLANG_ENABLE_OBJC_WEAK = YES;
				CLANG_WARN_BLOCK_CAPTURE_AUTORELEASING = YES;
				CLANG_WARN_BOOL_CONVERSION = YES;
				CLANG_WARN_COMMA = YES;
				CLANG_WARN_CONSTANT_CONVERSION = YES;
				CLANG_WARN_DEPRECATED_OBJC_IMPLEMENTATIONS = YES;
				CLANG_WARN_DIRECT_OBJC_ISA_USAGE = YES_ERROR;
				CLANG_WARN_DOCUMENTATION_COMMENTS = YES;
				CLANG_WARN_EMPTY_BODY = YES;
				CLANG_WARN_ENUM_CONVERSION = YES;
				CLANG_WARN_INFINITE_RECURSION = YES;
				CLANG_WARN_INT_CONVERSION = YES;
				CLANG_WARN_NON_LITERAL_NULL_CONVERSION = YES;
				CLANG_WARN_OBJC_IMPLICIT_RETAIN_SELF = YES;
				CLANG_WARN_OBJC_LITERAL_CONVERSION = YES;
				CLANG_WARN_OBJC_ROOT_CLASS = YES_ERROR;
				CLANG_WARN_QUOTED_INCLUDE_IN_FRAMEWORK_HEADER = YES;
				CLANG_WARN_RANGE_LOOP_ANALYSIS = YES;
				CLANG_WARN_STRICT_PROTOTYPES = YES;
				CLANG_WARN_SUSPICIOUS_MOVE = YES;
				CLANG_WARN_UNGUARDED_AVAILABILITY = YES_AGGRESSIVE;
				CLANG_WARN_UNREACHABLE_CODE = YES;
				CLANG_WARN__DUPLICATE_METHOD_MATCH = YES;
				COPY_PHASE_STRIP = NO;
				DEBUG_INFORMATION_FORMAT = dwarf;
				ENABLE_STRICT_OBJC_MSGSEND = YES;
				ENABLE_TESTABILITY = YES;
				ENABLE_USER_SCRIPT_SANDBOXING = YES;
				GCC_C_LANGUAGE_STANDARD = gnu17;
				GCC_DYNAMIC_NO_PIC = NO;
				GCC_NO_COMMON_BLOCKS = YES;
				GCC_OPTIMIZATION_LEVEL = 0;
				GCC_PREPROCESSOR_DEFINITIONS = (
					"DEBUG=1",
					"$(inherited)",
				);
				GCC_WARN_64_TO_32_BIT_CONVERSION = YES;
				GCC_WARN_ABOUT_RETURN_TYPE = YES_ERROR;
				GCC_WARN_UNDECLARED_SELECTOR = YES;
				GCC_WARN_UNINITIALIZED_AUTOS = YES_AGGRESSIVE;
				GCC_WARN_UNUSED_FUNCTION = YES;
				GCC_WARN_UNUSED_VARIABLE = YES;
				IPHONEOS_DEPLOYMENT_TARGET = 17.4;
				LOCALIZATION_PREFERS_STRING_CATALOGS = YES;
				MTL_ENABLE_DEBUG_INFO = INCLUDE_SOURCE;
				MTL_FAST_MATH = YES;
				ONLY_ACTIVE_ARCH = YES;
				SDKROOT = iphoneos;
				SWIFT_ACTIVE_COMPILATION_CONDITIONS = "DEBUG $(inherited)";
				SWIFT_OPTIMIZATION_LEVEL = "-Onone";
			};
			name = Debug;
		};
		F5941CE32F22124500611063 /* Release */ = {
			isa = XCBuildConfiguration;
			buildSettings = {
				ALWAYS_SEARCH_USER_PATHS = NO;
				ASSETCATALOG_COMPILER_GENERATE_SWIFT_ASSET_SYMBOL_EXTENSIONS = YES;
				CLANG_ANALYZER_NONNULL = YES;
				CLANG_ANALYZER_NUMBER_OBJECT_CONVERSION = YES_AGGRESSIVE;
				CLANG_CXX_LANGUAGE_STANDARD = "gnu++20";
				CLANG_ENABLE_MODULES = YES;
				CLANG_ENABLE_OBJC_ARC = YES;
				CLANG_ENABLE_OBJC_WEAK = YES;
				CLANG_WARN_BLOCK_CAPTURE_AUTORELEASING = YES;
				CLANG_WARN_BOOL_CONVERSION = YES;
				CLANG_WARN_COMMA = YES;
				CLANG_WARN_CONSTANT_CONVERSION = YES;
				CLANG_WARN_DEPRECATED_OBJC_IMPLEMENTATIONS = YES;
				CLANG_WARN_DIRECT_OBJC_ISA_USAGE = YES_ERROR;
				CLANG_WARN_DOCUMENTATION_COMMENTS = YES;
				CLANG_WARN_EMPTY_BODY = YES;
				CLANG_WARN_ENUM_CONVERSION = YES;
				CLANG_WARN_INFINITE_RECURSION = YES;
				CLANG_WARN_INT_CONVERSION = YES;
				CLANG_WARN_NON_LITERAL_NULL_CONVERSION = YES;
				CLANG_WARN_OBJC_IMPLICIT_RETAIN_SELF = YES;
				CLANG_WARN_OBJC_LITERAL_CONVERSION = YES;
				CLANG_WARN_OBJC_ROOT_CLASS = YES_ERROR;
				CLANG_WARN_QUOTED_INCLUDE_IN_FRAMEWORK_HEADER = YES;
				CLANG_WARN_RANGE_LOOP_ANALYSIS = YES;
				CLANG_WARN_STRICT_PROTOTYPES = YES;
				CLANG_WARN_SUSPICIOUS_MOVE = YES;
				CLANG_WARN_UNGUARDED_AVAILABILITY = YES_AGGRESSIVE;
				CLANG_WARN_UNREACHABLE_CODE = YES;
				CLANG_WARN__DUPLICATE_METHOD_MATCH = YES;
				COPY_PHASE_STRIP = NO;
				DEBUG_INFORMATION_FORMAT = "dwarf-with-dsym";
				ENABLE_NS_ASSERTIONS = NO;
				ENABLE_STRICT_OBJC_MSGSEND = YES;
				ENABLE_USER_SCRIPT_SANDBOXING = YES;
				GCC_C_LANGUAGE_STANDARD = gnu17;
				GCC_NO_COMMON_BLOCKS = YES;
				GCC_WARN_64_TO_32_BIT_CONVERSION = YES;
				GCC_WARN_ABOUT_RETURN_TYPE = YES_ERROR;
				GCC_WARN_UNDECLARED_SELECTOR = YES;
				GCC_WARN_UNINITIALIZED_AUTOS = YES_AGGRESSIVE;
				GCC_WARN_UNUSED_FUNCTION = YES;
				GCC_WARN_UNUSED_VARIABLE = YES;
				IPHONEOS_DEPLOYMENT_TARGET = 17.4;
				LOCALIZATION_PREFERS_STRING_CATALOGS = YES;
				MTL_ENABLE_DEBUG_INFO = NO;
				MTL_FAST_MATH = YES;
				SDKROOT = iphoneos;
				SWIFT_COMPILATION_MODE = wholemodule;
				VALIDATE_PRODUCT = YES;
			};
			name = Release;
		};
		F5941CE52F22124500611063 /* Debug */ = {
			isa = XCBuildConfiguration;
			buildSettings = {
				ASSETCATALOG_COMPILER_APPICON_NAME = AppIcon;
				ASSETCATALOG_COMPILER_GLOBAL_ACCENT_COLOR_NAME = AccentColor;
				CODE_SIGN_STYLE = Automatic;
				CURRENT_PROJECT_VERSION = 1;
				DEVELOPMENT_ASSET_PATHS = "\"Q and A/Preview Content\"";
				ENABLE_PREVIEWS = YES;
				GENERATE_INFOPLIST_FILE = YES;
				INFOPLIST_FILE = "Q-and-A-Info.plist";
				INFOPLIST_KEY_LSApplicationCategoryType = "";
				INFOPLIST_KEY_UIApplicationSceneManifest_Generation = YES;
				INFOPLIST_KEY_UIApplicationSupportsIndirectInputEvents = YES;
				INFOPLIST_KEY_UILaunchScreen_Generation = YES;
				INFOPLIST_KEY_UISupportedInterfaceOrientations_iPad = "UIInterfaceOrientationPortrait UIInterfaceOrientationPortraitUpsideDown UIInterfaceOrientationLandscapeLeft UIInterfaceOrientationLandscapeRight";
				INFOPLIST_KEY_UISupportedInterfaceOrientations_iPhone = "UIInterfaceOrientationPortrait UIInterfaceOrientationLandscapeLeft UIInterfaceOrientationLandscapeRight";
				LD_RUNPATH_SEARCH_PATHS = (
					"$(inherited)",
					"@executable_path/Frameworks",
				);
				MARKETING_VERSION = 1.0;
				PRODUCT_BUNDLE_IDENTIFIER = "ng.qanda.Q-and-A";
				PRODUCT_NAME = "$(TARGET_NAME)";
				SWIFT_EMIT_LOC_STRINGS = YES;
				SWIFT_VERSION = 5.0;
				TARGETED_DEVICE_FAMILY = "1,2";
			};
			name = Debug;
		};
		F5941CE62F22124500611063 /* Release */ = {
			isa = XCBuildConfiguration;
			buildSettings = {
				ASSETCATALOG_COMPILER_APPICON_NAME = AppIcon;
				ASSETCATALOG_COMPILER_GLOBAL_ACCENT_COLOR_NAME = AccentColor;
				CODE_SIGN_STYLE = Automatic;
				CURRENT_PROJECT_VERSION = 1;
				DEVELOPMENT_ASSET_PATHS = "\"Q and A/Preview Content\"";
				ENABLE_PREVIEWS = YES;
				GENERATE_INFOPLIST_FILE = YES;
				INFOPLIST_FILE = "Q-and-A-Info.plist";
				INFOPLIST_KEY_LSApplicationCategoryType = "";
				INFOPLIST_KEY_UIApplicationSceneManifest_Generation = YES;
				INFOPLIST_KEY_UIApplicationSupportsIndirectInputEvents = YES;
				INFOPLIST_KEY_UILaunchScreen_Generation = YES;
				INFOPLIST_KEY_UISupportedInterfaceOrientations_iPad = "UIInterfaceOrientationPortrait UIInterfaceOrientationPortraitUpsideDown UIInterfaceOrientationLandscapeLeft UIInterfaceOrientationLandscapeRight";
				INFOPLIST_KEY_UISupportedInterfaceOrientations_iPhone = "UIInterfaceOrientationPortrait UIInterfaceOrientationLandscapeLeft UIInterfaceOrientationLandscapeRight";
				LD_RUNPATH_SEARCH_PATHS = (
					"$(inherited)",
					"@executable_path/Frameworks",
				);
				MARKETING_VERSION = 1.0;
				PRODUCT_BUNDLE_IDENTIFIER = "ng.qanda.Q-and-A";
				PRODUCT_NAME = "$(TARGET_NAME)";
				SWIFT_EMIT_LOC_STRINGS = YES;
				SWIFT_VERSION = 5.0;
				TARGETED_DEVICE_FAMILY = "1,2";
			};
			name = Release;
		};
/* End XCBuildConfiguration section */

/* Begin XCConfigurationList section */
		F5941CD12F22124300611063 /* Build configuration list for PBXProject "Q and A" */ = {
			isa = XCConfigurationList;
			buildConfigurations = (
				F5941CE22F22124500611063 /* Debug */,
				F5941CE32F22124500611063 /* Release */,
			);
			defaultConfigurationIsVisible = 0;
			defaultConfigurationName = Release;
		};
		F5941CE42F22124500611063 /* Build configuration list for PBXNativeTarget "Q and A" */ = {
			isa = XCConfigurationList;
			buildConfigurations = (
				F5941CE52F22124500611063 /* Debug */,
				F5941CE62F22124500611063 /* Release */,
			);
			defaultConfigurationIsVisible = 0;
			defaultConfigurationName = Release;
		};
/* End XCConfigurationList section */

/* Begin XCRemoteSwiftPackageReference section */
		F5E144EA2F7FB9F200C10F3A /* XCRemoteSwiftPackageReference "Moya" */ = {
			isa = XCRemoteSwiftPackageReference;
			repositoryURL = "https://github.com/Moya/Moya.git";
			requirement = {
				kind = upToNextMajorVersion;
				minimumVersion = 15.0.3;
			};
		};
/* End XCRemoteSwiftPackageReference section */

/* Begin XCSwiftPackageProductDependency section */
		F5E144EB2F7FB9F200C10F3A /* CombineMoya */ = {
			isa = XCSwiftPackageProductDependency;
			package = F5E144EA2F7FB9F200C10F3A /* XCRemoteSwiftPackageReference "Moya" */;
			productName = CombineMoya;
		};
		F5E144ED2F7FB9F200C10F3A /* Moya */ = {
			isa = XCSwiftPackageProductDependency;
			package = F5E144EA2F7FB9F200C10F3A /* XCRemoteSwiftPackageReference "Moya" */;
			productName = Moya;
		};
/* End XCSwiftPackageProductDependency section */
	};
	rootObject = F5941CCE2F22124300611063 /* Project object */;
}
