// !$*UTF8*$!
{
	archiveVersion = 1;
	classes = {
	};
	objectVersion = 56;
	objects = {

/* Begin PBXBuildFile section */
		F526A8012F70374600BF414A /* IntroBottomCard.swift in Sources */ = {isa = PBXBuildFile; fileRef = F526A7FD2F70374600BF414A /* IntroBottomCard.swift */; };
		F526A8022F70374600BF414A /* IntroNavigationButtons.swift in Sources */ = {isa = PBXBuildFile; fileRef = F526A7FE2F70374600BF414A /* IntroNavigationButtons.swift */; };
		F526A8032F70374600BF414A /* IntroStackView.swift in Sources */ = {isa = PBXBuildFile; fileRef = F526A7FF2F70374600BF414A /* IntroStackView.swift */; };
		F526A8062F7037D400BF414A /* IntroPage.swift in Sources */ = {isa = PBXBuildFile; fileRef = F526A8042F7037D400BF414A /* IntroPage.swift */; };
		F55912A62F4F235900BCB041 /* IntroViewModel.swift in Sources */ = {isa = PBXBuildFile; fileRef = F55912A52F4F235900BCB041 /* IntroViewModel.swift */; };
		F5941CDA2F22124300611063 /* Q_and_AApp.swift in Sources */ = {isa = PBXBuildFile; fileRef = F5941CD92F22124300611063 /* Q_and_AApp.swift */; };
		F5941CDE2F22124500611063 /* Assets.xcassets in Resources */ = {isa = PBXBuildFile; fileRef = F5941CDD2F22124500611063 /* Assets.xcassets */; };
		F5941CE12F22124500611063 /* Preview Assets.xcassets in Resources */ = {isa = PBXBuildFile; fileRef = F5941CE02F22124500611063 /* Preview Assets.xcassets */; };
		F59482C72F2CD7FF0030C541 /* SplashScreen.swift in Sources */ = {isa = PBXBuildFile; fileRef = F59482C62F2CD7FF0030C541 /* SplashScreen.swift */; };
		F5BD4A162F2A51B80020A8A4 /* AppFlow.swift in Sources */ = {isa = PBXBuildFile; fileRef = F5BD4A152F2A51B80020A8A4 /* AppFlow.swift */; };
		F5BD4A182F2A55370020A8A4 /* AppViewModel.swift in Sources */ = {isa = PBXBuildFile; fileRef = F5BD4A172F2A55370020A8A4 /* AppViewModel.swift */; };
		F5BD4A1A2F2A563C0020A8A4 /* AppNavigator.swift in Sources */ = {isa = PBXBuildFile; fileRef = F5BD4A192F2A563C0020A8A4 /* AppNavigator.swift */; };
		F5BD4A1C2F2A98BD0020A8A4 /* SplashView.swift in Sources */ = {isa = PBXBuildFile; fileRef = F5BD4A1B2F2A98BD0020A8A4 /* SplashView.swift */; };
		F5BD4A2C2F2B68C70020A8A4 /* MainStackView.swift in Sources */ = {isa = PBXBuildFile; fileRef = F5BD4A2B2F2B68C70020A8A4 /* MainStackView.swift */; };
		F5BD4A2E2F2B6D350020A8A4 /* AppConstants.swift in Sources */ = {isa = PBXBuildFile; fileRef = F5BD4A2D2F2B6D350020A8A4 /* AppConstants.swift */; };
		F5BD4A302F2B6E5D0020A8A4 /* UserSettings.swift in Sources */ = {isa = PBXBuildFile; fileRef = F5BD4A2F2F2B6E5D0020A8A4 /* UserSettings.swift */; };
		F5C12E8C2F717165000861B6 /* RoleFeature.swift in Sources */ = {isa = PBXBuildFile; fileRef = F5C12E8B2F717165000861B6 /* RoleFeature.swift */; };
		F5C12E8E2F7171A0000861B6 /* UserRole.swift in Sources */ = {isa = PBXBuildFile; fileRef = F5C12E8D2F7171A0000861B6 /* UserRole.swift */; };
		F5C12E902F71856D000861B6 /* RoleSelectionViewModel.swift in Sources */ = {isa = PBXBuildFile; fileRef = F5C12E8F2F71856D000861B6 /* RoleSelectionViewModel.swift */; };
		F5C12E922F71889A000861B6 /* RoleToggleView.swift in Sources */ = {isa = PBXBuildFile; fileRef = F5C12E912F71889A000861B6 /* RoleToggleView.swift */; };
		F5C12E942F728472000861B6 /* FeatureItemView.swift in Sources */ = {isa = PBXBuildFile; fileRef = F5C12E932F728472000861B6 /* FeatureItemView.swift */; };
		F5C12E962F728E92000861B6 /* RoleSelectionScreen.swift in Sources */ = {isa = PBXBuildFile; fileRef = F5C12E952F728E92000861B6 /* RoleSelectionScreen.swift */; };
		F5C12E992F728FCC000861B6 /* PrimaryButton.swift in Sources */ = {isa = PBXBuildFile; fileRef = F5C12E982F728FCC000861B6 /* PrimaryButton.swift */; };
		F5C12E9B2F72A18E000861B6 /* OnboardingViewModel.swift in Sources */ = {isa = PBXBuildFile; fileRef = F5C12E9A2F72A18E000861B6 /* OnboardingViewModel.swift */; };
		F5C12E9D2F72A1FE000861B6 /* OnboardingFlow.swift in Sources */ = {isa = PBXBuildFile; fileRef = F5C12E9C2F72A1FE000861B6 /* OnboardingFlow.swift */; };
		F5C12EA12F72A491000861B6 /* OnboardingNavigatorView.swift in Sources */ = {isa = PBXBuildFile; fileRef = F5C12EA02F72A491000861B6 /* OnboardingNavigatorView.swift */; };
		F5E7057C2F4DEA55001016B6 /* IntroPage.swift in Sources */ = {isa = PBXBuildFile; fileRef = F5E7057B2F4DEA55001016B6 /* IntroPage.swift */; };
		F5F7A7632F3882F70097558D /* gilroy_100.ttf in Resources */ = {isa = PBXBuildFile; fileRef = F5F7A7622F3882F70097558D /* gilroy_100.ttf */; };
		F5F7A7692F3883260097558D /* gilroy_200.ttf in Resources */ = {isa = PBXBuildFile; fileRef = F5F7A7642F3883260097558D /* gilroy_200.ttf */; };
		F5F7A76A2F3883260097558D /* gilroy_600.ttf in Resources */ = {isa = PBXBuildFile; fileRef = F5F7A7652F3883260097558D /* gilroy_600.ttf */; };
		F5F7A76B2F3883260097558D /* gilroy_400.ttf in Resources */ = {isa = PBXBuildFile; fileRef = F5F7A7662F3883260097558D /* gilroy_400.ttf */; };
		F5F7A76C2F3883260097558D /* gilroy_700.ttf in Resources */ = {isa = PBXBuildFile; fileRef = F5F7A7672F3883260097558D /* gilroy_700.ttf */; };
		F5F7A76D2F3883260097558D /* gilroy_500.ttf in Resources */ = {isa = PBXBuildFile; fileRef = F5F7A7682F3883260097558D /* gilroy_500.ttf */; };
		F5F7A7722F38833F0097558D /* gilroy_heavy.ttf in Resources */ = {isa = PBXBuildFile; fileRef = F5F7A76E2F38833F0097558D /* gilroy_heavy.ttf */; };
		F5F7A7732F38833F0097558D /* gilroy.ttf in Resources */ = {isa = PBXBuildFile; fileRef = F5F7A76F2F38833F0097558D /* gilroy.ttf */; };
		F5F7A7742F38833F0097558D /* gilroy_900.ttf in Resources */ = {isa = PBXBuildFile; fileRef = F5F7A7702F38833F0097558D /* gilroy_900.ttf */; };
		F5F7A7752F38833F0097558D /* gilroy_ultralight.ttf in Resources */ = {isa = PBXBuildFile; fileRef = F5F7A7712F38833F0097558D /* gilroy_ultralight.ttf */; };
		F5F7A7782F388DBE0097558D /* AppFont.swift in Sources */ = {isa = PBXBuildFile; fileRef = F5F7A7772F388DBE0097558D /* AppFont.swift */; };
		F5F7A77A2F38C8EE0097558D /* Localizable.xcstrings in Resources */ = {isa = PBXBuildFile; fileRef = F5F7A7792F38C8EE0097558D /* Localizable.xcstrings */; };
/* End PBXBuildFile section */

/* Begin PBXFileReference section */
		F526A7FD2F70374600BF414A /* IntroBottomCard.swift */ = {isa = PBXFileReference; fileEncoding = 4; lastKnownFileType = sourcecode.swift; path = IntroBottomCard.swift; sourceTree = "<group>"; };
		F526A7FE2F70374600BF414A /* IntroNavigationButtons.swift */ = {isa = PBXFileReference; fileEncoding = 4; lastKnownFileType = sourcecode.swift; path = IntroNavigationButtons.swift; sourceTree = "<group>"; };
		F526A7FF2F70374600BF414A /* IntroStackView.swift */ = {isa = PBXFileReference; fileEncoding = 4; lastKnownFileType = sourcecode.swift; path = IntroStackView.swift; sourceTree = "<group>"; };
		F526A8042F7037D400BF414A /* IntroPage.swift */ = {isa = PBXFileReference; fileEncoding = 4; lastKnownFileType = sourcecode.swift; path = IntroPage.swift; sourceTree = "<group>"; };
		F55912A52F4F235900BCB041 /* IntroViewModel.swift */ = {isa = PBXFileReference; lastKnownFileType = sourcecode.swift; path = IntroViewModel.swift; sourceTree = "<group>"; };
		F5941CD62F22124300611063 /* Q and A.app */ = {isa = PBXFileReference; explicitFileType = wrapper.application; includeInIndex = 0; path = "Q and A.app"; sourceTree = BUILT_PRODUCTS_DIR; };
		F5941CD92F22124300611063 /* Q_and_AApp.swift */ = {isa = PBXFileReference; lastKnownFileType = sourcecode.swift; path = Q_and_AApp.swift; sourceTree = "<group>"; };
		F5941CDD2F22124500611063 /* Assets.xcassets */ = {isa = PBXFileReference; lastKnownFileType = folder.assetcatalog; path = Assets.xcassets; sourceTree = "<group>"; };
		F5941CE02F22124500611063 /* Preview Assets.xcassets */ = {isa = PBXFileReference; lastKnownFileType = folder.assetcatalog; path = "Preview Assets.xcassets"; sourceTree = "<group>"; };
		F59482C62F2CD7FF0030C541 /* SplashScreen.swift */ = {isa = PBXFileReference; lastKnownFileType = sourcecode.swift; path = SplashScreen.swift; sourceTree = "<group>"; };
		F5BD4A152F2A51B80020A8A4 /* AppFlow.swift */ = {isa = PBXFileReference; lastKnownFileType = sourcecode.swift; path = AppFlow.swift; sourceTree = "<group>"; };
		F5BD4A172F2A55370020A8A4 /* AppViewModel.swift */ = {isa = PBXFileReference; lastKnownFileType = sourcecode.swift; path = AppViewModel.swift; sourceTree = "<group>"; };
		F5BD4A192F2A563C0020A8A4 /* AppNavigator.swift */ = {isa = PBXFileReference; lastKnownFileType = sourcecode.swift; path = AppNavigator.swift; sourceTree = "<group>"; };
		F5BD4A1B2F2A98BD0020A8A4 /* SplashView.swift */ = {isa = PBXFileReference; lastKnownFileType = sourcecode.swift; path = SplashView.swift; sourceTree = "<group>"; };
		F5BD4A2B2F2B68C70020A8A4 /* MainStackView.swift */ = {isa = PBXFileReference; lastKnownFileType = sourcecode.swift; path = MainStackView.swift; sourceTree = "<group>"; };
		F5BD4A2D2F2B6D350020A8A4 /* AppConstants.swift */ = {isa = PBXFileReference; lastKnownFileType = sourcecode.swift; path = AppConstants.swift; sourceTree = "<group>"; };
		F5BD4A2F2F2B6E5D0020A8A4 /* UserSettings.swift */ = {isa = PBXFileReference; lastKnownFileType = sourcecode.swift; path = UserSettings.swift; sourceTree = "<group>"; };
		F5C12E8B2F717165000861B6 /* RoleFeature.swift */ = {isa = PBXFileReference; lastKnownFileType = sourcecode.swift; path = RoleFeature.swift; sourceTree = "<group>"; };
		F5C12E8D2F7171A0000861B6 /* UserRole.swift */ = {isa = PBXFileReference; lastKnownFileType = sourcecode.swift; path = UserRole.swift; sourceTree = "<group>"; };
		F5C12E8F2F71856D000861B6 /* RoleSelectionViewModel.swift */ = {isa = PBXFileReference; lastKnownFileType = sourcecode.swift; path = RoleSelectionViewModel.swift; sourceTree = "<group>"; };
		F5C12E912F71889A000861B6 /* RoleToggleView.swift */ = {isa = PBXFileReference; lastKnownFileType = sourcecode.swift; path = RoleToggleView.swift; sourceTree = "<group>"; };
		F5C12E932F728472000861B6 /* FeatureItemView.swift */ = {isa = PBXFileReference; lastKnownFileType = sourcecode.swift; path = FeatureItemView.swift; sourceTree = "<group>"; };
		F5C12E952F728E92000861B6 /* RoleSelectionScreen.swift */ = {isa = PBXFileReference; lastKnownFileType = sourcecode.swift; path = RoleSelectionScreen.swift; sourceTree = "<group>"; };
		F5C12E982F728FCC000861B6 /* PrimaryButton.swift */ = {isa = PBXFileReference; lastKnownFileType = sourcecode.swift; path = PrimaryButton.swift; sourceTree = "<group>"; };
		F5C12E9A2F72A18E000861B6 /* OnboardingViewModel.swift */ = {isa = PBXFileReference; lastKnownFileType = sourcecode.swift; path = OnboardingViewModel.swift; sourceTree = "<group>"; };
		F5C12E9C2F72A1FE000861B6 /* OnboardingFlow.swift */ = {isa = PBXFileReference; lastKnownFileType = sourcecode.swift; path = OnboardingFlow.swift; sourceTree = "<group>"; };
		F5C12EA02F72A491000861B6 /* OnboardingNavigatorView.swift */ = {isa = PBXFileReference; lastKnownFileType = sourcecode.swift; path = OnboardingNavigatorView.swift; sourceTree = "<group>"; };
		F5E7057B2F4DEA55001016B6 /* IntroPage.swift */ = {isa = PBXFileReference; lastKnownFileType = sourcecode.swift; path = IntroPage.swift; sourceTree = "<group>"; };
		F5F7A7622F3882F70097558D /* gilroy_100.ttf */ = {isa = PBXFileReference; lastKnownFileType = file; path = gilroy_100.ttf; sourceTree = "<group>"; };
		F5F7A7642F3883260097558D /* gilroy_200.ttf */ = {isa = PBXFileReference; lastKnownFileType = file; path = gilroy_200.ttf; sourceTree = "<group>"; };
		F5F7A7652F3883260097558D /* gilroy_600.ttf */ = {isa = PBXFileReference; lastKnownFileType = file; path = gilroy_600.ttf; sourceTree = "<group>"; };
		F5F7A7662F3883260097558D /* gilroy_400.ttf */ = {isa = PBXFileReference; lastKnownFileType = file; path = gilroy_400.ttf; sourceTree = "<group>"; };
		F5F7A7672F3883260097558D /* gilroy_700.ttf */ = {isa = PBXFileReference; lastKnownFileType = file; path = gilroy_700.ttf; sourceTree = "<group>"; };
		F5F7A7682F3883260097558D /* gilroy_500.ttf */ = {isa = PBXFileReference; lastKnownFileType = file; path = gilroy_500.ttf; sourceTree = "<group>"; };
		F5F7A76E2F38833F0097558D /* gilroy_heavy.ttf */ = {isa = PBXFileReference; lastKnownFileType = file; path = gilroy_heavy.ttf; sourceTree = "<group>"; };
		F5F7A76F2F38833F0097558D /* gilroy.ttf */ = {isa = PBXFileReference; lastKnownFileType = file; path = gilroy.ttf; sourceTree = "<group>"; };
		F5F7A7702F38833F0097558D /* gilroy_900.ttf */ = {isa = PBXFileReference; lastKnownFileType = file; path = gilroy_900.ttf; sourceTree = "<group>"; };
		F5F7A7712F38833F0097558D /* gilroy_ultralight.ttf */ = {isa = PBXFileReference; lastKnownFileType = file; path = gilroy_ultralight.ttf; sourceTree = "<group>"; };
		F5F7A7762F3887A60097558D /* Q-and-A-Info.plist */ = {isa = PBXFileReference; lastKnownFileType = text.plist; path = "Q-and-A-Info.plist"; sourceTree = SOURCE_ROOT; };
		F5F7A7772F388DBE0097558D /* AppFont.swift */ = {isa = PBXFileReference; lastKnownFileType = sourcecode.swift; path = AppFont.swift; sourceTree = "<group>"; };
		F5F7A7792F38C8EE0097558D /* Localizable.xcstrings */ = {isa = PBXFileReference; lastKnownFileType = text.json.xcstrings; path = Localizable.xcstrings; sourceTree = "<group>"; };
/* End PBXFileReference section */

/* Begin PBXFrameworksBuildPhase section */
		F5941CD32F22124300611063 /* Frameworks */ = {
			isa = PBXFrameworksBuildPhase;
			buildActionMask = 2147483647;
			files = (
			);
			runOnlyForDeploymentPostprocessing = 0;
		};
/* End PBXFrameworksBuildPhase section */

/* Begin PBXGroup section */
		F5181B7B2F27811F006EE609 /* App */ = {
			isa = PBXGroup;
			children = (
				F5BD4A142F2A50F40020A8A4 /* Models */,
				F5BD4A132F2A50360020A8A4 /* ViewModels */,
				F5BD4A122F2A50360020A8A4 /* Views */,
			);
			path = App;
			sourceTree = "<group>";
		};
		F526A8002F70374600BF414A /* Views */ = {
			isa = PBXGroup;
			children = (
				F526A7FD2F70374600BF414A /* IntroBottomCard.swift */,
				F526A7FE2F70374600BF414A /* IntroNavigationButtons.swift */,
				F526A7FF2F70374600BF414A /* IntroStackView.swift */,
				F5C12E912F71889A000861B6 /* RoleToggleView.swift */,
				F5C12E932F728472000861B6 /* FeatureItemView.swift */,
				F5C12E952F728E92000861B6 /* RoleSelectionScreen.swift */,
				F5C12EA02F72A491000861B6 /* OnboardingNavigatorView.swift */,
			);
			path = Views;
			sourceTree = "<group>";
		};
		F526A8052F7037D400BF414A /* Models */ = {
			isa = PBXGroup;
			children = (
				F526A8042F7037D400BF414A /* IntroPage.swift */,
				F5C12E8B2F717165000861B6 /* RoleFeature.swift */,
				F5C12E8D2F7171A0000861B6 /* UserRole.swift */,
			);
			path = Models;
			sourceTree = "<group>";
		};
		F5941CCD2F22124300611063 = {
			isa = PBXGroup;
			children = (
				F5941CD82F22124300611063 /* Q and A */,
				F5941CD72F22124300611063 /* Products */,
			);
			sourceTree = "<group>";
		};
		F5941CD72F22124300611063 /* Products */ = {
			isa = PBXGroup;
			children = (
				F5941CD62F22124300611063 /* Q and A.app */,
			);
			name = Products;
			sourceTree = "<group>";
		};
		F5941CD82F22124300611063 /* Q and A */ = {
			isa = PBXGroup;
			children = (
				F5F7A7762F3887A60097558D /* Q-and-A-Info.plist */,
				F5F7A7602F3882380097558D /* Resources */,
				F5BD4A202F2A9CF70020A8A4 /* Core */,
				F5BD4A1F2F2A9CF70020A8A4 /* Features */,
				F5181B7B2F27811F006EE609 /* App */,
				F5941CDD2F22124500611063 /* Assets.xcassets */,
				F5941CDF2F22124500611063 /* Preview Content */,
				F5F7A7792F38C8EE0097558D /* Localizable.xcstrings */,
			);
			path = "Q and A";
			sourceTree = "<group>";
		};
		F5941CDF2F22124500611063 /* Preview Content */ = {
			isa = PBXGroup;
			children = (
				F5941CE02F22124500611063 /* Preview Assets.xcassets */,
			);
			path = "Preview Content";
			sourceTree = "<group>";
		};
		F5BD4A122F2A50360020A8A4 /* Views */ = {
			isa = PBXGroup;
			children = (
				F5941CD92F22124300611063 /* Q_and_AApp.swift */,
				F5BD4A192F2A563C0020A8A4 /* AppNavigator.swift */,
				F5BD4A1B2F2A98BD0020A8A4 /* SplashView.swift */,
				F59482C62F2CD7FF0030C541 /* SplashScreen.swift */,
			);
			path = Views;
			sourceTree = "<group>";
		};
		F5BD4A132F2A50360020A8A4 /* ViewModels */ = {
			isa = PBXGroup;
			children = (
				F5BD4A172F2A55370020A8A4 /* AppViewModel.swift */,
			);
			path = ViewModels;
			sourceTree = "<group>";
		};
		F5BD4A142F2A50F40020A8A4 /* Models */ = {
			isa = PBXGroup;
			children = (
				F5BD4A152F2A51B80020A8A4 /* AppFlow.swift */,
				F5BD4A2D2F2B6D350020A8A4 /* AppConstants.swift */,
				F5BD4A2F2F2B6E5D0020A8A4 /* UserSettings.swift */,
				F5F7A7772F388DBE0097558D /* AppFont.swift */,
			);
			path = Models;
			sourceTree = "<group>";
		};
		F5BD4A1F2F2A9CF70020A8A4 /* Features */ = {
			isa = PBXGroup;
			children = (
				F5BD4A212F2B66F70020A8A4 /* Auth */,
				F5BD4A222F2B66F80020A8A4 /* Main */,
			);
			path = Features;
			sourceTree = "<group>";
		};
		F5BD4A202F2A9CF70020A8A4 /* Core */ = {
			isa = PBXGroup;
			children = (
				F5C12E972F728F98000861B6 /* Views */,
			);
			path = Core;
			sourceTree = "<group>";
		};
		F5BD4A212F2B66F70020A8A4 /* Auth */ = {
			isa = PBXGroup;
			children = (
				F526A8052F7037D400BF414A /* Models */,
				F526A8002F70374600BF414A /* Views */,
				F5BD4A252F2B67EB0020A8A4 /* Models */,
				F5BD4A242F2B67EB0020A8A4 /* ViewModels */,
			);
			path = Auth;
			sourceTree = "<group>";
		};
		F5BD4A222F2B66F80020A8A4 /* Main */ = {
			isa = PBXGroup;
			children = (
				F5BD4A262F2B68050020A8A4 /* Models */,
				F5BD4A282F2B68050020A8A4 /* ViewModels */,
				F5BD4A272F2B68050020A8A4 /* Views */,
			);
			path = Main;
			sourceTree = "<group>";
		};
		F5BD4A242F2B67EB0020A8A4 /* ViewModels */ = {
			isa = PBXGroup;
			children = (
				F55912A52F4F235900BCB041 /* IntroViewModel.swift */,
				F5C12E8F2F71856D000861B6 /* RoleSelectionViewModel.swift */,
				F5C12E9A2F72A18E000861B6 /* OnboardingViewModel.swift */,
			);
			path = ViewModels;
			sourceTree = "<group>";
		};
		F5BD4A252F2B67EB0020A8A4 /* Models */ = {
			isa = PBXGroup;
			children = (
				F5E7057B2F4DEA55001016B6 /* IntroPage.swift */,
				F5C12E9C2F72A1FE000861B6 /* OnboardingFlow.swift */,
			);
			path = Models;
			sourceTree = "<group>";
		};
		F5BD4A262F2B68050020A8A4 /* Models */ = {
			isa = PBXGroup;
			children = (
			);
			path = Models;
			sourceTree = "<group>";
		};
		F5BD4A272F2B68050020A8A4 /* Views */ = {
			isa = PBXGroup;
			children = (
				F5BD4A2B2F2B68C70020A8A4 /* MainStackView.swift */,
			);
			path = Views;
			sourceTree = "<group>";
		};
		F5BD4A282F2B68050020A8A4 /* ViewModels */ = {
			isa = PBXGroup;
			children = (
			);
			path = ViewModels;
			sourceTree = "<group>";
		};
		F5C12E972F728F98000861B6 /* Views */ = {
			isa = PBXGroup;
			children = (
				F5C12E982F728FCC000861B6 /* PrimaryButton.swift */,
			);
			path = Views;
			sourceTree = "<group>";
		};
		F5F7A7602F3882380097558D /* Resources */ = {
			isa = PBXGroup;
			children = (
				F5F7A7612F38826B0097558D /* Fonts */,
			);
			path = Resources;
			sourceTree = "<group>";
		};
		F5F7A7612F38826B0097558D /* Fonts */ = {
			isa = PBXGroup;
			children = (
				F5F7A7702F38833F0097558D /* gilroy_900.ttf */,
				F5F7A76E2F38833F0097558D /* gilroy_heavy.ttf */,
				F5F7A7712F38833F0097558D /* gilroy_ultralight.ttf */,
				F5F7A76F2F38833F0097558D /* gilroy.ttf */,
				F5F7A7642F3883260097558D /* gilroy_200.ttf */,
				F5F7A7662F3883260097558D /* gilroy_400.ttf */,
				F5F7A7682F3883260097558D /* gilroy_500.ttf */,
				F5F7A7652F3883260097558D /* gilroy_600.ttf */,
				F5F7A7672F3883260097558D /* gilroy_700.ttf */,
				F5F7A7622F3882F70097558D /* gilroy_100.ttf */,
			);
			path = Fonts;
			sourceTree = "<group>";
		};
/* End PBXGroup section */

/* Begin PBXNativeTarget section */
		F5941CD52F22124300611063 /* Q and A */ = {
			isa = PBXNativeTarget;
			buildConfigurationList = F5941CE42F22124500611063 /* Build configuration list for PBXNativeTarget "Q and A" */;
			buildPhases = (
				F5941CD22F22124300611063 /* Sources */,
				F5941CD32F22124300611063 /* Frameworks */,
				F5941CD42F22124300611063 /* Resources */,
			);
			buildRules = (
			);
			dependencies = (
			);
			name = "Q and A";
			productName = "Q and A";
			productReference = F5941CD62F22124300611063 /* Q and A.app */;
			productType = "com.apple.product-type.application";
		};
/* End PBXNativeTarget section */

/* Begin PBXProject section */
		F5941CCE2F22124300611063 /* Project object */ = {
			isa = PBXProject;
			attributes = {
				BuildIndependentTargetsInParallel = 1;
				LastSwiftUpdateCheck = 1530;
				LastUpgradeCheck = 1530;
				TargetAttributes = {
					F5941CD52F22124300611063 = {
						CreatedOnToolsVersion = 15.3;
					};
				};
			};
			buildConfigurationList = F5941CD12F22124300611063 /* Build configuration list for PBXProject "Q and A" */;
			compatibilityVersion = "Xcode 14.0";
			developmentRegion = en;
			hasScannedForEncodings = 0;
			knownRegions = (
				en,
				Base,
			);
			mainGroup = F5941CCD2F22124300611063;
			productRefGroup = F5941CD72F22124300611063 /* Products */;
			projectDirPath = "";
			projectRoot = "";
			targets = (
				F5941CD52F22124300611063 /* Q and A */,
			);
		};
/* End PBXProject section */

/* Begin PBXResourcesBuildPhase section */
		F5941CD42F22124300611063 /* Resources */ = {
			isa = PBXResourcesBuildPhase;
			buildActionMask = 2147483647;
			files = (
				F5941CE12F22124500611063 /* Preview Assets.xcassets in Resources */,
				F5F7A7692F3883260097558D /* gilroy_200.ttf in Resources */,
				F5F7A7732F38833F0097558D /* gilroy.ttf in Resources */,
				F5F7A7722F38833F0097558D /* gilroy_heavy.ttf in Resources */,
				F5941CDE2F22124500611063 /* Assets.xcassets in Resources */,
				F5F7A76A2F3883260097558D /* gilroy_600.ttf in Resources */,
				F5F7A77A2F38C8EE0097558D /* Localizable.xcstrings in Resources */,
				F5F7A7752F38833F0097558D /* gilroy_ultralight.ttf in Resources */,
				F5F7A76D2F3883260097558D /* gilroy_500.ttf in Resources */,
				F5F7A7742F38833F0097558D /* gilroy_900.ttf in Resources */,
				F5F7A7632F3882F70097558D /* gilroy_100.ttf in Resources */,
				F5F7A76C2F3883260097558D /* gilroy_700.ttf in Resources */,
				F5F7A76B2F3883260097558D /* gilroy_400.ttf in Resources */,
			);
			runOnlyForDeploymentPostprocessing = 0;
		};
/* End PBXResourcesBuildPhase section */

/* Begin PBXSourcesBuildPhase section */
		F5941CD22F22124300611063 /* Sources */ = {
			isa = PBXSourcesBuildPhase;
			buildActionMask = 2147483647;
			files = (
				F526A8022F70374600BF414A /* IntroNavigationButtons.swift in Sources */,
				F59482C72F2CD7FF0030C541 /* SplashScreen.swift in Sources */,
				F5BD4A2C2F2B68C70020A8A4 /* MainStackView.swift in Sources */,
				F5C12E942F728472000861B6 /* FeatureItemView.swift in Sources */,
				F5C12E8C2F717165000861B6 /* RoleFeature.swift in Sources */,
				F5C12EA12F72A491000861B6 /* OnboardingNavigatorView.swift in Sources */,
				F526A8062F7037D400BF414A /* IntroPage.swift in Sources */,
				F5BD4A162F2A51B80020A8A4 /* AppFlow.swift in Sources */,
				F5C12E8E2F7171A0000861B6 /* UserRole.swift in Sources */,
				F5C12E962F728E92000861B6 /* RoleSelectionScreen.swift in Sources */,
				F55912A62F4F235900BCB041 /* IntroViewModel.swift in Sources */,
				F5E7057C2F4DEA55001016B6 /* IntroPage.swift in Sources */,
				F5C12E902F71856D000861B6 /* RoleSelectionViewModel.swift in Sources */,
				F5BD4A182F2A55370020A8A4 /* AppViewModel.swift in Sources */,
				F5F7A7782F388DBE0097558D /* AppFont.swift in Sources */,
				F526A8032F70374600BF414A /* IntroStackView.swift in Sources */,
				F5BD4A2E2F2B6D350020A8A4 /* AppConstants.swift in Sources */,
				F5C12E922F71889A000861B6 /* RoleToggleView.swift in Sources */,
				F5BD4A302F2B6E5D0020A8A4 /* UserSettings.swift in Sources */,
				F5C12E9D2F72A1FE000861B6 /* OnboardingFlow.swift in Sources */,
				F526A8012F70374600BF414A /* IntroBottomCard.swift in Sources */,
				F5C12E9B2F72A18E000861B6 /* OnboardingViewModel.swift in Sources */,
				F5BD4A1C2F2A98BD0020A8A4 /* SplashView.swift in Sources */,
				F5C12E992F728FCC000861B6 /* PrimaryButton.swift in Sources */,
				F5BD4A1A2F2A563C0020A8A4 /* AppNavigator.swift in Sources */,
				F5941CDA2F22124300611063 /* Q_and_AApp.swift in Sources */,
			);
			runOnlyForDeploymentPostprocessing = 0;
		};
/* End PBXSourcesBuildPhase section */

/* Begin XCBuildConfiguration section */
		F5941CE22F22124500611063 /* Debug */ = {
			isa = XCBuildConfiguration;
			buildSettings = {
				ALWAYS_SEARCH_USER_PATHS = NO;
				ASSETCATALOG_COMPILER_GENERATE_SWIFT_ASSET_SYMBOL_EXTENSIONS = YES;
				CLANG_ANALYZER_NONNULL = YES;
				CLANG_ANALYZER_NUMBER_OBJECT_CONVERSION = YES_AGGRESSIVE;
				CLANG_CXX_LANGUAGE_STANDARD = "gnu++20";
				CLANG_ENABLE_MODULES = YES;
				CLANG_ENABLE_OBJC_ARC = YES;
				CLANG_ENABLE_OBJC_WEAK = YES;
				CLANG_WARN_BLOCK_CAPTURE_AUTORELEASING = YES;
				CLANG_WARN_BOOL_CONVERSION = YES;
				CLANG_WARN_COMMA = YES;
				CLANG_WARN_CONSTANT_CONVERSION = YES;
				CLANG_WARN_DEPRECATED_OBJC_IMPLEMENTATIONS = YES;
				CLANG_WARN_DIRECT_OBJC_ISA_USAGE = YES_ERROR;
				CLANG_WARN_DOCUMENTATION_COMMENTS = YES;
				CLANG_WARN_EMPTY_BODY = YES;
				CLANG_WARN_ENUM_CONVERSION = YES;
				CLANG_WARN_INFINITE_RECURSION = YES;
				CLANG_WARN_INT_CONVERSION = YES;
				CLANG_WARN_NON_LITERAL_NULL_CONVERSION = YES;
				CLANG_WARN_OBJC_IMPLICIT_RETAIN_SELF = YES;
				CLANG_WARN_OBJC_LITERAL_CONVERSION = YES;
				CLANG_WARN_OBJC_ROOT_CLASS = YES_ERROR;
				CLANG_WARN_QUOTED_INCLUDE_IN_FRAMEWORK_HEADER = YES;
				CLANG_WARN_RANGE_LOOP_ANALYSIS = YES;
				CLANG_WARN_STRICT_PROTOTYPES = YES;
				CLANG_WARN_SUSPICIOUS_MOVE = YES;
				CLANG_WARN_UNGUARDED_AVAILABILITY = YES_AGGRESSIVE;
				CLANG_WARN_UNREACHABLE_CODE = YES;
				CLANG_WARN__DUPLICATE_METHOD_MATCH = YES;
				COPY_PHASE_STRIP = NO;
				DEBUG_INFORMATION_FORMAT = dwarf;
				ENABLE_STRICT_OBJC_MSGSEND = YES;
				ENABLE_TESTABILITY = YES;
				ENABLE_USER_SCRIPT_SANDBOXING = YES;
				GCC_C_LANGUAGE_STANDARD = gnu17;
				GCC_DYNAMIC_NO_PIC = NO;
				GCC_NO_COMMON_BLOCKS = YES;
				GCC_OPTIMIZATION_LEVEL = 0;
				GCC_PREPROCESSOR_DEFINITIONS = (
					"DEBUG=1",
					"$(inherited)",
				);
				GCC_WARN_64_TO_32_BIT_CONVERSION = YES;
				GCC_WARN_ABOUT_RETURN_TYPE = YES_ERROR;
				GCC_WARN_UNDECLARED_SELECTOR = YES;
				GCC_WARN_UNINITIALIZED_AUTOS = YES_AGGRESSIVE;
				GCC_WARN_UNUSED_FUNCTION = YES;
				GCC_WARN_UNUSED_VARIABLE = YES;
				IPHONEOS_DEPLOYMENT_TARGET = 17.4;
				LOCALIZATION_PREFERS_STRING_CATALOGS = YES;
				MTL_ENABLE_DEBUG_INFO = INCLUDE_SOURCE;
				MTL_FAST_MATH = YES;
				ONLY_ACTIVE_ARCH = YES;
				SDKROOT = iphoneos;
				SWIFT_ACTIVE_COMPILATION_CONDITIONS = "DEBUG $(inherited)";
				SWIFT_OPTIMIZATION_LEVEL = "-Onone";
			};
			name = Debug;
		};
		F5941CE32F22124500611063 /* Release */ = {
			isa = XCBuildConfiguration;
			buildSettings = {
				ALWAYS_SEARCH_USER_PATHS = NO;
				ASSETCATALOG_COMPILER_GENERATE_SWIFT_ASSET_SYMBOL_EXTENSIONS = YES;
				CLANG_ANALYZER_NONNULL = YES;
				CLANG_ANALYZER_NUMBER_OBJECT_CONVERSION = YES_AGGRESSIVE;
				CLANG_CXX_LANGUAGE_STANDARD = "gnu++20";
				CLANG_ENABLE_MODULES = YES;
				CLANG_ENABLE_OBJC_ARC = YES;
				CLANG_ENABLE_OBJC_WEAK = YES;
				CLANG_WARN_BLOCK_CAPTURE_AUTORELEASING = YES;
				CLANG_WARN_BOOL_CONVERSION = YES;
				CLANG_WARN_COMMA = YES;
				CLANG_WARN_CONSTANT_CONVERSION = YES;
				CLANG_WARN_DEPRECATED_OBJC_IMPLEMENTATIONS = YES;
				CLANG_WARN_DIRECT_OBJC_ISA_USAGE = YES_ERROR;
				CLANG_WARN_DOCUMENTATION_COMMENTS = YES;
				CLANG_WARN_EMPTY_BODY = YES;
				CLANG_WARN_ENUM_CONVERSION = YES;
				CLANG_WARN_INFINITE_RECURSION = YES;
				CLANG_WARN_INT_CONVERSION = YES;
				CLANG_WARN_NON_LITERAL_NULL_CONVERSION = YES;
				CLANG_WARN_OBJC_IMPLICIT_RETAIN_SELF = YES;
				CLANG_WARN_OBJC_LITERAL_CONVERSION = YES;
				CLANG_WARN_OBJC_ROOT_CLASS = YES_ERROR;
				CLANG_WARN_QUOTED_INCLUDE_IN_FRAMEWORK_HEADER = YES;
				CLANG_WARN_RANGE_LOOP_ANALYSIS = YES;
				CLANG_WARN_STRICT_PROTOTYPES = YES;
				CLANG_WARN_SUSPICIOUS_MOVE = YES;
				CLANG_WARN_UNGUARDED_AVAILABILITY = YES_AGGRESSIVE;
				CLANG_WARN_UNREACHABLE_CODE = YES;
				CLANG_WARN__DUPLICATE_METHOD_MATCH = YES;
				COPY_PHASE_STRIP = NO;
				DEBUG_INFORMATION_FORMAT = "dwarf-with-dsym";
				ENABLE_NS_ASSERTIONS = NO;
				ENABLE_STRICT_OBJC_MSGSEND = YES;
				ENABLE_USER_SCRIPT_SANDBOXING = YES;
				GCC_C_LANGUAGE_STANDARD = gnu17;
				GCC_NO_COMMON_BLOCKS = YES;
				GCC_WARN_64_TO_32_BIT_CONVERSION = YES;
				GCC_WARN_ABOUT_RETURN_TYPE = YES_ERROR;
				GCC_WARN_UNDECLARED_SELECTOR = YES;
				GCC_WARN_UNINITIALIZED_AUTOS = YES_AGGRESSIVE;
				GCC_WARN_UNUSED_FUNCTION = YES;
				GCC_WARN_UNUSED_VARIABLE = YES;
				IPHONEOS_DEPLOYMENT_TARGET = 17.4;
				LOCALIZATION_PREFERS_STRING_CATALOGS = YES;
				MTL_ENABLE_DEBUG_INFO = NO;
				MTL_FAST_MATH = YES;
				SDKROOT = iphoneos;
				SWIFT_COMPILATION_MODE = wholemodule;
				VALIDATE_PRODUCT = YES;
			};
			name = Release;
		};
		F5941CE52F22124500611063 /* Debug */ = {
			isa = XCBuildConfiguration;
			buildSettings = {
				ASSETCATALOG_COMPILER_APPICON_NAME = AppIcon;
				ASSETCATALOG_COMPILER_GLOBAL_ACCENT_COLOR_NAME = AccentColor;
				CODE_SIGN_STYLE = Automatic;
				CURRENT_PROJECT_VERSION = 1;
				DEVELOPMENT_ASSET_PATHS = "\"Q and A/Preview Content\"";
				ENABLE_PREVIEWS = YES;
				GENERATE_INFOPLIST_FILE = YES;
				INFOPLIST_FILE = "Q-and-A-Info.plist";
				INFOPLIST_KEY_LSApplicationCategoryType = "";
				INFOPLIST_KEY_UIApplicationSceneManifest_Generation = YES;
				INFOPLIST_KEY_UIApplicationSupportsIndirectInputEvents = YES;
				INFOPLIST_KEY_UILaunchScreen_Generation = YES;
				INFOPLIST_KEY_UISupportedInterfaceOrientations_iPad = "UIInterfaceOrientationPortrait UIInterfaceOrientationPortraitUpsideDown UIInterfaceOrientationLandscapeLeft UIInterfaceOrientationLandscapeRight";
				INFOPLIST_KEY_UISupportedInterfaceOrientations_iPhone = "UIInterfaceOrientationPortrait UIInterfaceOrientationLandscapeLeft UIInterfaceOrientationLandscapeRight";
				LD_RUNPATH_SEARCH_PATHS = (
					"$(inherited)",
					"@executable_path/Frameworks",
				);
				MARKETING_VERSION = 1.0;
				PRODUCT_BUNDLE_IDENTIFIER = "ng.qanda.Q-and-A";
				PRODUCT_NAME = "$(TARGET_NAME)";
				SWIFT_EMIT_LOC_STRINGS = YES;
				SWIFT_VERSION = 5.0;
				TARGETED_DEVICE_FAMILY = "1,2";
			};
			name = Debug;
		};
		F5941CE62F22124500611063 /* Release */ = {
			isa = XCBuildConfiguration;
			buildSettings = {
				ASSETCATALOG_COMPILER_APPICON_NAME = AppIcon;
				ASSETCATALOG_COMPILER_GLOBAL_ACCENT_COLOR_NAME = AccentColor;
				CODE_SIGN_STYLE = Automatic;
				CURRENT_PROJECT_VERSION = 1;
				DEVELOPMENT_ASSET_PATHS = "\"Q and A/Preview Content\"";
				ENABLE_PREVIEWS = YES;
				GENERATE_INFOPLIST_FILE = YES;
				INFOPLIST_FILE = "Q-and-A-Info.plist";
				INFOPLIST_KEY_LSApplicationCategoryType = "";
				INFOPLIST_KEY_UIApplicationSceneManifest_Generation = YES;
				INFOPLIST_KEY_UIApplicationSupportsIndirectInputEvents = YES;
				INFOPLIST_KEY_UILaunchScreen_Generation = YES;
				INFOPLIST_KEY_UISupportedInterfaceOrientations_iPad = "UIInterfaceOrientationPortrait UIInterfaceOrientationPortraitUpsideDown UIInterfaceOrientationLandscapeLeft UIInterfaceOrientationLandscapeRight";
				INFOPLIST_KEY_UISupportedInterfaceOrientations_iPhone = "UIInterfaceOrientationPortrait UIInterfaceOrientationLandscapeLeft UIInterfaceOrientationLandscapeRight";
				LD_RUNPATH_SEARCH_PATHS = (
					"$(inherited)",
					"@executable_path/Frameworks",
				);
				MARKETING_VERSION = 1.0;
				PRODUCT_BUNDLE_IDENTIFIER = "ng.qanda.Q-and-A";
				PRODUCT_NAME = "$(TARGET_NAME)";
				SWIFT_EMIT_LOC_STRINGS = YES;
				SWIFT_VERSION = 5.0;
				TARGETED_DEVICE_FAMILY = "1,2";
			};
			name = Release;
		};
/* End XCBuildConfiguration section */

/* Begin XCConfigurationList section */
		F5941CD12F22124300611063 /* Build configuration list for PBXProject "Q and A" */ = {
			isa = XCConfigurationList;
			buildConfigurations = (
				F5941CE22F22124500611063 /* Debug */,
				F5941CE32F22124500611063 /* Release */,
			);
			defaultConfigurationIsVisible = 0;
			defaultConfigurationName = Release;
		};
		F5941CE42F22124500611063 /* Build configuration list for PBXNativeTarget "Q and A" */ = {
			isa = XCConfigurationList;
			buildConfigurations = (
				F5941CE52F22124500611063 /* Debug */,
				F5941CE62F22124500611063 /* Release */,
			);
			defaultConfigurationIsVisible = 0;
			defaultConfigurationName = Release;
		};
/* End XCConfigurationList section */
	};
	rootObject = F5941CCE2F22124300611063 /* Project object */;
}
